// !$*UTF8*$!
{
	archiveVersion = 1;
	classes = {
	};
	objectVersion = 46;
	objects = {

/* Begin PBXBuildFile section */
		320AF8492C47A4D819F7C451 /* QuartzCore.framework in Frameworks */ = {isa = PBXBuildFile; fileRef = 320AF8492C47A4D819F7C450 /* QuartzCore.framework */; };
		D2147D841460947500966BF6 /* UIKit.framework in Frameworks */ = {isa = PBXBuildFile; fileRef = D2147D831460947500966BF6 /* UIKit.framework */; };
		D2147D861460947500966BF6 /* Foundation.framework in Frameworks */ = {isa = PBXBuildFile; fileRef = D2147D851460947500966BF6 /* Foundation.framework */; };
		D2147D881460947500966BF6 /* CoreGraphics.framework in Frameworks */ = {isa = PBXBuildFile; fileRef = D2147D871460947500966BF6 /* CoreGraphics.framework */; };
		D2147D8A1460947500966BF6 /* CoreData.framework in Frameworks */ = {isa = PBXBuildFile; fileRef = D2147D891460947500966BF6 /* CoreData.framework */; };
		D2147D901460947500966BF6 /* InfoPlist.strings in Resources */ = {isa = PBXBuildFile; fileRef = D2147D8E1460947500966BF6 /* InfoPlist.strings */; };
		D2147D991460947500966BF6 /* walkincoma.xcdatamodeld in Sources */ = {isa = PBXBuildFile; fileRef = D2147D971460947500966BF6 /* walkincoma.xcdatamodeld */; };
		D240A8EC14B1099D00B5FF9F /* AudioPlayer.m in Sources */ = {isa = PBXBuildFile; fileRef = D240A8EB14B1099D00B5FF9F /* AudioPlayer.m */; };
		D240A8F014B10A7200B5FF9F /* AudioStreamer.m in Sources */ = {isa = PBXBuildFile; fileRef = D240A8EF14B10A7200B5FF9F /* AudioStreamer.m */; };
		D240A8FB14B10AAC00B5FF9F /* loadingbutton@2x.png in Resources */ = {isa = PBXBuildFile; fileRef = D240A8F414B10AAB00B5FF9F /* loadingbutton@2x.png */; };
		D240A8FC14B10AAC00B5FF9F /* playbutton@2x.png in Resources */ = {isa = PBXBuildFile; fileRef = D240A8F514B10AAB00B5FF9F /* playbutton@2x.png */; };
		D240A8FD14B10AAC00B5FF9F /* stopbutton@2x.png in Resources */ = {isa = PBXBuildFile; fileRef = D240A8F614B10AAB00B5FF9F /* stopbutton@2x.png */; };
		D240A8FE14B10AAC00B5FF9F /* AudioPlayer.xib in Resources */ = {isa = PBXBuildFile; fileRef = D240A8F714B10AAB00B5FF9F /* AudioPlayer.xib */; };
		D240A8FF14B10AAC00B5FF9F /* loadingbutton.png in Resources */ = {isa = PBXBuildFile; fileRef = D240A8F814B10AAB00B5FF9F /* loadingbutton.png */; };
		D240A90014B10AAC00B5FF9F /* playbutton.png in Resources */ = {isa = PBXBuildFile; fileRef = D240A8F914B10AAB00B5FF9F /* playbutton.png */; };
		D240A90114B10AAC00B5FF9F /* stopbutton.png in Resources */ = {isa = PBXBuildFile; fileRef = D240A8FA14B10AAB00B5FF9F /* stopbutton.png */; };
		D240A90814B1100A00B5FF9F /* AudioToolbox.framework in Frameworks */ = {isa = PBXBuildFile; fileRef = D240A90714B1100A00B5FF9F /* AudioToolbox.framework */; };
		D240A90A14B1101300B5FF9F /* MediaPlayer.framework in Frameworks */ = {isa = PBXBuildFile; fileRef = D240A90914B1101300B5FF9F /* MediaPlayer.framework */; };
		D240A90C14B1102600B5FF9F /* SystemConfiguration.framework in Frameworks */ = {isa = PBXBuildFile; fileRef = D240A90B14B1102600B5FF9F /* SystemConfiguration.framework */; };
		D240A90E14B1107B00B5FF9F /* CFNetwork.framework in Frameworks */ = {isa = PBXBuildFile; fileRef = D240A90D14B1107B00B5FF9F /* CFNetwork.framework */; };
		D240A91014B11CB700B5FF9F /* musicplaceholder.png in Resources */ = {isa = PBXBuildFile; fileRef = D240A90F14B11CB700B5FF9F /* musicplaceholder.png */; };
		D240A91E14B128ED00B5FF9F /* music.png in Resources */ = {isa = PBXBuildFile; fileRef = D240A91C14B128EC00B5FF9F /* music.png */; };
		D240A91F14B128ED00B5FF9F /* music@2x.png in Resources */ = {isa = PBXBuildFile; fileRef = D240A91D14B128ED00B5FF9F /* music@2x.png */; };
		D240A92114B12E6A00B5FF9F /* Default@2x.png in Resources */ = {isa = PBXBuildFile; fileRef = D240A92014B12E6900B5FF9F /* Default@2x.png */; };
		D240A92314B12E7800B5FF9F /* Default.png in Resources */ = {isa = PBXBuildFile; fileRef = D240A92214B12E7500B5FF9F /* Default.png */; };
		D2538BE31483AFC600A961D8 /* FeedItem.m in Sources */ = {isa = PBXBuildFile; fileRef = D2538BC31483AFC600A961D8 /* FeedItem.m */; };
		D2538BE41483AFC600A961D8 /* FeedModel.m in Sources */ = {isa = PBXBuildFile; fileRef = D2538BC51483AFC600A961D8 /* FeedModel.m */; };
		D2538BE51483AFC600A961D8 /* main.m in Sources */ = {isa = PBXBuildFile; fileRef = D2538BC61483AFC600A961D8 /* main.m */; };
		D2538BE61483AFC600A961D8 /* NewsDataSource.m in Sources */ = {isa = PBXBuildFile; fileRef = D2538BC81483AFC600A961D8 /* NewsDataSource.m */; };
		D2538BE71483AFC600A961D8 /* NewsItemView.m in Sources */ = {isa = PBXBuildFile; fileRef = D2538BCA1483AFC600A961D8 /* NewsItemView.m */; };
		D2538BE81483AFC600A961D8 /* NewsView.m in Sources */ = {isa = PBXBuildFile; fileRef = D2538BCC1483AFC600A961D8 /* NewsView.m */; };
		D2538BE91483AFC600A961D8 /* PhotoItem.m in Sources */ = {isa = PBXBuildFile; fileRef = D2538BCE1483AFC600A961D8 /* PhotoItem.m */; };
		D2538BEA1483AFC600A961D8 /* PhotoResponse.m in Sources */ = {isa = PBXBuildFile; fileRef = D2538BD01483AFC600A961D8 /* PhotoResponse.m */; };
		D2538BEB1483AFC600A961D8 /* PhotosDataSource.m in Sources */ = {isa = PBXBuildFile; fileRef = D2538BD21483AFC600A961D8 /* PhotosDataSource.m */; };
		D2538BEC1483AFC600A961D8 /* PhotosView.m in Sources */ = {isa = PBXBuildFile; fileRef = D2538BD41483AFC600A961D8 /* PhotosView.m */; };
		D2538BED1483AFC600A961D8 /* RegexKitLite.m in Sources */ = {isa = PBXBuildFile; fileRef = D2538BD61483AFC600A961D8 /* RegexKitLite.m */; };
		D2538BEE1483AFC600A961D8 /* TTTableViewDelegate+URLAdditions.m in Sources */ = {isa = PBXBuildFile; fileRef = D2538BD81483AFC600A961D8 /* TTTableViewDelegate+URLAdditions.m */; };
		D2538BEF1483AFC600A961D8 /* VideoDataSource.m in Sources */ = {isa = PBXBuildFile; fileRef = D2538BDA1483AFC600A961D8 /* VideoDataSource.m */; };
		D2538BF01483AFC600A961D8 /* VideosView.m in Sources */ = {isa = PBXBuildFile; fileRef = D2538BDC1483AFC600A961D8 /* VideosView.m */; };
		D2538BF11483AFC600A961D8 /* WICAppDelegate.m in Sources */ = {isa = PBXBuildFile; fileRef = D2538BDE1483AFC600A961D8 /* WICAppDelegate.m */; };
		D2538BF21483AFC600A961D8 /* YoutubeTableCell.m in Sources */ = {isa = PBXBuildFile; fileRef = D2538BE01483AFC600A961D8 /* YoutubeTableCell.m */; };
		D2538BF31483AFC600A961D8 /* YouTubeTextItem.m in Sources */ = {isa = PBXBuildFile; fileRef = D2538BE21483AFC600A961D8 /* YouTubeTextItem.m */; };
		D26E810114AE6AA900F2ADCF /* tile.png in Resources */ = {isa = PBXBuildFile; fileRef = D26E810014AE6AA900F2ADCF /* tile.png */; };
		D26E810314AE70D400F2ADCF /* tabbar@2x.png in Resources */ = {isa = PBXBuildFile; fileRef = D26E810214AE70D400F2ADCF /* tabbar@2x.png */; };
		D26E811114AE796100F2ADCF /* Icon@2x.png in Resources */ = {isa = PBXBuildFile; fileRef = D26E811014AE796100F2ADCF /* Icon@2x.png */; };
		D26E811314AE796C00F2ADCF /* Icon.png in Resources */ = {isa = PBXBuildFile; fileRef = D26E811214AE796C00F2ADCF /* Icon.png */; };
		D2786B4D146188DE0047FFBC /* WICStylesheet.m in Sources */ = {isa = PBXBuildFile; fileRef = D2786B4C146188DE0047FFBC /* WICStylesheet.m */; };
		D27D4B4B14B4F63100C02C78 /* UINavigationBar+StyleHaxx.m in Sources */ = {isa = PBXBuildFile; fileRef = D27D4B4A14B4F63100C02C78 /* UINavigationBar+StyleHaxx.m */; };
		D27D4B4E14B4FB8200C02C78 /* navbar.png in Resources */ = {isa = PBXBuildFile; fileRef = D27D4B4C14B4FB8200C02C78 /* navbar.png */; };
		D27D4B4F14B4FB8200C02C78 /* navbar@2x.png in Resources */ = {isa = PBXBuildFile; fileRef = D27D4B4D14B4FB8200C02C78 /* navbar@2x.png */; };
		D2A75DD91460994A00FDB105 /* WICWebController.m in Sources */ = {isa = PBXBuildFile; fileRef = D2A75DD81460994A00FDB105 /* WICWebController.m */; };
		D2A75EF71460A0B800FDB105 /* WICTabBarController.m in Sources */ = {isa = PBXBuildFile; fileRef = D2A75EF61460A0B800FDB105 /* WICTabBarController.m */; };
		D2D377DF148907A800A3F3FA /* Videos.png in Resources */ = {isa = PBXBuildFile; fileRef = D2D377DD148907A800A3F3FA /* Videos.png */; };
		D2D377E0148907A800A3F3FA /* Videos@2x.png in Resources */ = {isa = PBXBuildFile; fileRef = D2D377DE148907A800A3F3FA /* Videos@2x.png */; };
		D2D377E3148908FF00A3F3FA /* Photos.png in Resources */ = {isa = PBXBuildFile; fileRef = D2D377E1148908FF00A3F3FA /* Photos.png */; };
		D2D377E4148908FF00A3F3FA /* Photos@2x.png in Resources */ = {isa = PBXBuildFile; fileRef = D2D377E2148908FF00A3F3FA /* Photos@2x.png */; };
		D2D377E7148909D200A3F3FA /* News.png in Resources */ = {isa = PBXBuildFile; fileRef = D2D377E5148909D200A3F3FA /* News.png */; };
		D2D377E8148909D200A3F3FA /* News@2x.png in Resources */ = {isa = PBXBuildFile; fileRef = D2D377E6148909D200A3F3FA /* News@2x.png */; };
		D9BECF3E15D13EE30010C5F9 /* libextThree20JSON+SBJSON.a in Frameworks */ = {isa = PBXBuildFile; fileRef = D9BECEF515D13E840010C5F9 /* libextThree20JSON+SBJSON.a */; };
		D9BECF3F15D13EE30010C5F9 /* libextThree20XML.a in Frameworks */ = {isa = PBXBuildFile; fileRef = D9BECF0515D13E920010C5F9 /* libextThree20XML.a */; };
		D9BECF4015D13EE30010C5F9 /* libThree20.a in Frameworks */ = {isa = PBXBuildFile; fileRef = D9BECEE515D13E7D0010C5F9 /* libThree20.a */; };
		D9BECF4115D13EE30010C5F9 /* libThree20Core.a in Frameworks */ = {isa = PBXBuildFile; fileRef = D9BECF0E15D13E9D0010C5F9 /* libThree20Core.a */; };
		D9BECF4215D13EE30010C5F9 /* libThree20Network.a in Frameworks */ = {isa = PBXBuildFile; fileRef = D9BECF1715D13EA70010C5F9 /* libThree20Network.a */; };
		D9BECF4315D13EE30010C5F9 /* libThree20Style.a in Frameworks */ = {isa = PBXBuildFile; fileRef = D9BECF2015D13EB10010C5F9 /* libThree20Style.a */; };
		D9BECF4415D13EE30010C5F9 /* libThree20UI.a in Frameworks */ = {isa = PBXBuildFile; fileRef = D9BECF2915D13EBB0010C5F9 /* libThree20UI.a */; };
		D9BECF4515D13EE30010C5F9 /* libThree20UICommon.a in Frameworks */ = {isa = PBXBuildFile; fileRef = D9BECF3215D13EC50010C5F9 /* libThree20UICommon.a */; };
		D9BECF4615D13EE30010C5F9 /* libThree20UINavigator.a in Frameworks */ = {isa = PBXBuildFile; fileRef = D9BECF3B15D13ECF0010C5F9 /* libThree20UINavigator.a */; };
		D9E3D77A15D0752B00BB178B /* Three20.bundle in Resources */ = {isa = PBXBuildFile; fileRef = D9E3D77915D0752B00BB178B /* Three20.bundle */; };
/* End PBXBuildFile section */

/* Begin PBXContainerItemProxy section */
		D9BECEE415D13E7D0010C5F9 /* PBXContainerItemProxy */ = {
			isa = PBXContainerItemProxy;
			containerPortal = D9BECEB915D13E7D0010C5F9 /* Three20.xcodeproj */;
			proxyType = 2;
			remoteGlobalIDString = BEF31F3A0F352DF5000DE5D2;
			remoteInfo = Three20;
		};
		D9BECEE615D13E7D0010C5F9 /* PBXContainerItemProxy */ = {
			isa = PBXContainerItemProxy;
			containerPortal = D9BECEB915D13E7D0010C5F9 /* Three20.xcodeproj */;
			proxyType = 2;
			remoteGlobalIDString = EB9E6C6210B6A8F800DE563C;
			remoteInfo = Three20UnitTests;
		};
		D9BECEF415D13E840010C5F9 /* PBXContainerItemProxy */ = {
			isa = PBXContainerItemProxy;
			containerPortal = D9BECEE915D13E840010C5F9 /* extThree20JSON.xcodeproj */;
			proxyType = 2;
			remoteGlobalIDString = BEF31F3A0F352DF5000DE5D2;
			remoteInfo = "extThree20JSON+SBJSON";
		};
		D9BECEF615D13E840010C5F9 /* PBXContainerItemProxy */ = {
			isa = PBXContainerItemProxy;
			containerPortal = D9BECEE915D13E840010C5F9 /* extThree20JSON.xcodeproj */;
			proxyType = 2;
			remoteGlobalIDString = 6E645BD91187751200F08CB1;
			remoteInfo = "extThree20JSON+YAJL";
		};
		D9BECEF815D13E840010C5F9 /* PBXContainerItemProxy */ = {
			isa = PBXContainerItemProxy;
			containerPortal = D9BECEE915D13E840010C5F9 /* extThree20JSON.xcodeproj */;
			proxyType = 2;
			remoteGlobalIDString = EB9E6C6210B6A8F800DE563C;
			remoteInfo = "extThree20JSONUnitTests+SBJSON";
		};
		D9BECF0415D13E920010C5F9 /* PBXContainerItemProxy */ = {
			isa = PBXContainerItemProxy;
			containerPortal = D9BECEFA15D13E920010C5F9 /* extThree20XML.xcodeproj */;
			proxyType = 2;
			remoteGlobalIDString = BEF31F3A0F352DF5000DE5D2;
			remoteInfo = extThree20XML;
		};
		D9BECF0615D13E920010C5F9 /* PBXContainerItemProxy */ = {
			isa = PBXContainerItemProxy;
			containerPortal = D9BECEFA15D13E920010C5F9 /* extThree20XML.xcodeproj */;
			proxyType = 2;
			remoteGlobalIDString = EB9E6C6210B6A8F800DE563C;
			remoteInfo = extThree20XMLUnitTests;
		};
		D9BECF0D15D13E9D0010C5F9 /* PBXContainerItemProxy */ = {
			isa = PBXContainerItemProxy;
			containerPortal = D9BECF0815D13E9D0010C5F9 /* Three20Core.xcodeproj */;
			proxyType = 2;
			remoteGlobalIDString = BEF31F3A0F352DF5000DE5D2;
			remoteInfo = Three20Core;
		};
		D9BECF0F15D13E9D0010C5F9 /* PBXContainerItemProxy */ = {
			isa = PBXContainerItemProxy;
			containerPortal = D9BECF0815D13E9D0010C5F9 /* Three20Core.xcodeproj */;
			proxyType = 2;
			remoteGlobalIDString = EB9E6C6210B6A8F800DE563C;
			remoteInfo = Three20CoreUnitTests;
		};
		D9BECF1615D13EA70010C5F9 /* PBXContainerItemProxy */ = {
			isa = PBXContainerItemProxy;
			containerPortal = D9BECF1115D13EA70010C5F9 /* Three20Network.xcodeproj */;
			proxyType = 2;
			remoteGlobalIDString = BEF31F3A0F352DF5000DE5D2;
			remoteInfo = Three20Network;
		};
		D9BECF1815D13EA70010C5F9 /* PBXContainerItemProxy */ = {
			isa = PBXContainerItemProxy;
			containerPortal = D9BECF1115D13EA70010C5F9 /* Three20Network.xcodeproj */;
			proxyType = 2;
			remoteGlobalIDString = EB9E6C6210B6A8F800DE563C;
			remoteInfo = Three20NetworkUnitTests;
		};
		D9BECF1F15D13EB10010C5F9 /* PBXContainerItemProxy */ = {
			isa = PBXContainerItemProxy;
			containerPortal = D9BECF1A15D13EB10010C5F9 /* Three20Style.xcodeproj */;
			proxyType = 2;
			remoteGlobalIDString = BEF31F3A0F352DF5000DE5D2;
			remoteInfo = Three20Style;
		};
		D9BECF2115D13EB10010C5F9 /* PBXContainerItemProxy */ = {
			isa = PBXContainerItemProxy;
			containerPortal = D9BECF1A15D13EB10010C5F9 /* Three20Style.xcodeproj */;
			proxyType = 2;
			remoteGlobalIDString = EB9E6C6210B6A8F800DE563C;
			remoteInfo = Three20StyleUnitTests;
		};
		D9BECF2815D13EBB0010C5F9 /* PBXContainerItemProxy */ = {
			isa = PBXContainerItemProxy;
			containerPortal = D9BECF2315D13EBB0010C5F9 /* Three20UI.xcodeproj */;
			proxyType = 2;
			remoteGlobalIDString = BEF31F3A0F352DF5000DE5D2;
			remoteInfo = Three20UI;
		};
		D9BECF2A15D13EBB0010C5F9 /* PBXContainerItemProxy */ = {
			isa = PBXContainerItemProxy;
			containerPortal = D9BECF2315D13EBB0010C5F9 /* Three20UI.xcodeproj */;
			proxyType = 2;
			remoteGlobalIDString = EB9E6C6210B6A8F800DE563C;
			remoteInfo = Three20UIUnitTests;
		};
		D9BECF3115D13EC50010C5F9 /* PBXContainerItemProxy */ = {
			isa = PBXContainerItemProxy;
			containerPortal = D9BECF2C15D13EC50010C5F9 /* Three20UICommon.xcodeproj */;
			proxyType = 2;
			remoteGlobalIDString = BEF31F3A0F352DF5000DE5D2;
			remoteInfo = Three20UICommon;
		};
		D9BECF3315D13EC50010C5F9 /* PBXContainerItemProxy */ = {
			isa = PBXContainerItemProxy;
			containerPortal = D9BECF2C15D13EC50010C5F9 /* Three20UICommon.xcodeproj */;
			proxyType = 2;
			remoteGlobalIDString = EB9E6C6210B6A8F800DE563C;
			remoteInfo = Three20UICommonUnitTests;
		};
		D9BECF3A15D13ECF0010C5F9 /* PBXContainerItemProxy */ = {
			isa = PBXContainerItemProxy;
			containerPortal = D9BECF3515D13ECF0010C5F9 /* Three20UINavigator.xcodeproj */;
			proxyType = 2;
			remoteGlobalIDString = BEF31F3A0F352DF5000DE5D2;
			remoteInfo = Three20UINavigator;
		};
		D9BECF3C15D13ECF0010C5F9 /* PBXContainerItemProxy */ = {
			isa = PBXContainerItemProxy;
			containerPortal = D9BECF3515D13ECF0010C5F9 /* Three20UINavigator.xcodeproj */;
			proxyType = 2;
			remoteGlobalIDString = EB9E6C6210B6A8F800DE563C;
			remoteInfo = Three20UINavigatorUnitTests;
		};
/* End PBXContainerItemProxy section */

/* Begin PBXFileReference section */
		320AF8492C47A4D819F7C450 /* QuartzCore.framework */ = {isa = PBXFileReference; lastKnownFileType = wrapper.frameworks; name = QuartzCore.framework; path = System/Library/Frameworks/QuartzCore.framework; sourceTree = SDKROOT; };
		D2147D7F1460947500966BF6 /* Walk In Coma.app */ = {isa = PBXFileReference; explicitFileType = wrapper.application; includeInIndex = 0; path = "Walk In Coma.app"; sourceTree = BUILT_PRODUCTS_DIR; };
		D2147D831460947500966BF6 /* UIKit.framework */ = {isa = PBXFileReference; lastKnownFileType = wrapper.framework; name = UIKit.framework; path = System/Library/Frameworks/UIKit.framework; sourceTree = SDKROOT; };
		D2147D851460947500966BF6 /* Foundation.framework */ = {isa = PBXFileReference; lastKnownFileType = wrapper.framework; name = Foundation.framework; path = System/Library/Frameworks/Foundation.framework; sourceTree = SDKROOT; };
		D2147D871460947500966BF6 /* CoreGraphics.framework */ = {isa = PBXFileReference; lastKnownFileType = wrapper.framework; name = CoreGraphics.framework; path = System/Library/Frameworks/CoreGraphics.framework; sourceTree = SDKROOT; };
		D2147D891460947500966BF6 /* CoreData.framework */ = {isa = PBXFileReference; lastKnownFileType = wrapper.framework; name = CoreData.framework; path = System/Library/Frameworks/CoreData.framework; sourceTree = SDKROOT; };
		D2147D8D1460947500966BF6 /* Walk In Coma-Info.plist */ = {isa = PBXFileReference; lastKnownFileType = text.plist.xml; path = "Walk In Coma-Info.plist"; sourceTree = "<group>"; };
		D2147D8F1460947500966BF6 /* en */ = {isa = PBXFileReference; lastKnownFileType = text.plist.strings; name = en; path = en.lproj/InfoPlist.strings; sourceTree = "<group>"; };
		D2147D931460947500966BF6 /* Walk In Coma-Prefix.pch */ = {isa = PBXFileReference; lastKnownFileType = sourcecode.c.h; path = "Walk In Coma-Prefix.pch"; sourceTree = "<group>"; };
		D2147D981460947500966BF6 /* walkincoma.xcdatamodel */ = {isa = PBXFileReference; lastKnownFileType = wrapper.xcdatamodel; path = walkincoma.xcdatamodel; sourceTree = "<group>"; };
		D240A8EA14B1099D00B5FF9F /* AudioPlayer.h */ = {isa = PBXFileReference; fileEncoding = 4; lastKnownFileType = sourcecode.c.h; name = AudioPlayer.h; path = Classes/AudioPlayer.h; sourceTree = "<group>"; };
		D240A8EB14B1099D00B5FF9F /* AudioPlayer.m */ = {isa = PBXFileReference; fileEncoding = 4; lastKnownFileType = sourcecode.c.objc; name = AudioPlayer.m; path = Classes/AudioPlayer.m; sourceTree = "<group>"; };
		D240A8EE14B10A7200B5FF9F /* AudioStreamer.h */ = {isa = PBXFileReference; fileEncoding = 4; lastKnownFileType = sourcecode.c.h; path = AudioStreamer.h; sourceTree = "<group>"; };
		D240A8EF14B10A7200B5FF9F /* AudioStreamer.m */ = {isa = PBXFileReference; fileEncoding = 4; lastKnownFileType = sourcecode.c.objc; path = AudioStreamer.m; sourceTree = "<group>"; };
		D240A8F414B10AAB00B5FF9F /* loadingbutton@2x.png */ = {isa = PBXFileReference; lastKnownFileType = image.png; path = "loadingbutton@2x.png"; sourceTree = "<group>"; };
		D240A8F514B10AAB00B5FF9F /* playbutton@2x.png */ = {isa = PBXFileReference; lastKnownFileType = image.png; path = "playbutton@2x.png"; sourceTree = "<group>"; };
		D240A8F614B10AAB00B5FF9F /* stopbutton@2x.png */ = {isa = PBXFileReference; lastKnownFileType = image.png; path = "stopbutton@2x.png"; sourceTree = "<group>"; };
		D240A8F714B10AAB00B5FF9F /* AudioPlayer.xib */ = {isa = PBXFileReference; fileEncoding = 4; lastKnownFileType = file.xib; path = AudioPlayer.xib; sourceTree = "<group>"; };
		D240A8F814B10AAB00B5FF9F /* loadingbutton.png */ = {isa = PBXFileReference; lastKnownFileType = image.png; path = loadingbutton.png; sourceTree = "<group>"; };
		D240A8F914B10AAB00B5FF9F /* playbutton.png */ = {isa = PBXFileReference; lastKnownFileType = image.png; path = playbutton.png; sourceTree = "<group>"; };
		D240A8FA14B10AAB00B5FF9F /* stopbutton.png */ = {isa = PBXFileReference; lastKnownFileType = image.png; path = stopbutton.png; sourceTree = "<group>"; };
		D240A90714B1100A00B5FF9F /* AudioToolbox.framework */ = {isa = PBXFileReference; lastKnownFileType = wrapper.framework; name = AudioToolbox.framework; path = System/Library/Frameworks/AudioToolbox.framework; sourceTree = SDKROOT; };
		D240A90914B1101300B5FF9F /* MediaPlayer.framework */ = {isa = PBXFileReference; lastKnownFileType = wrapper.framework; name = MediaPlayer.framework; path = System/Library/Frameworks/MediaPlayer.framework; sourceTree = SDKROOT; };
		D240A90B14B1102600B5FF9F /* SystemConfiguration.framework */ = {isa = PBXFileReference; lastKnownFileType = wrapper.framework; name = SystemConfiguration.framework; path = System/Library/Frameworks/SystemConfiguration.framework; sourceTree = SDKROOT; };
		D240A90D14B1107B00B5FF9F /* CFNetwork.framework */ = {isa = PBXFileReference; lastKnownFileType = wrapper.framework; name = CFNetwork.framework; path = System/Library/Frameworks/CFNetwork.framework; sourceTree = SDKROOT; };
		D240A90F14B11CB700B5FF9F /* musicplaceholder.png */ = {isa = PBXFileReference; lastKnownFileType = image.png; path = musicplaceholder.png; sourceTree = "<group>"; };
		D240A91C14B128EC00B5FF9F /* music.png */ = {isa = PBXFileReference; lastKnownFileType = image.png; path = music.png; sourceTree = "<group>"; };
		D240A91D14B128ED00B5FF9F /* music@2x.png */ = {isa = PBXFileReference; lastKnownFileType = image.png; path = "music@2x.png"; sourceTree = "<group>"; };
		D240A92014B12E6900B5FF9F /* Default@2x.png */ = {isa = PBXFileReference; lastKnownFileType = image.png; path = "Default@2x.png"; sourceTree = "<group>"; };
		D240A92214B12E7500B5FF9F /* Default.png */ = {isa = PBXFileReference; lastKnownFileType = image.png; path = Default.png; sourceTree = "<group>"; };
		D2538BC21483AFC600A961D8 /* FeedItem.h */ = {isa = PBXFileReference; fileEncoding = 4; lastKnownFileType = sourcecode.c.h; name = FeedItem.h; path = Classes/FeedItem.h; sourceTree = "<group>"; };
		D2538BC31483AFC600A961D8 /* FeedItem.m */ = {isa = PBXFileReference; fileEncoding = 4; lastKnownFileType = sourcecode.c.objc; name = FeedItem.m; path = Classes/FeedItem.m; sourceTree = "<group>"; };
		D2538BC41483AFC600A961D8 /* FeedModel.h */ = {isa = PBXFileReference; fileEncoding = 4; lastKnownFileType = sourcecode.c.h; name = FeedModel.h; path = Classes/FeedModel.h; sourceTree = "<group>"; };
		D2538BC51483AFC600A961D8 /* FeedModel.m */ = {isa = PBXFileReference; fileEncoding = 4; lastKnownFileType = sourcecode.c.objc; name = FeedModel.m; path = Classes/FeedModel.m; sourceTree = "<group>"; };
		D2538BC61483AFC600A961D8 /* main.m */ = {isa = PBXFileReference; fileEncoding = 4; lastKnownFileType = sourcecode.c.objc; name = main.m; path = Classes/main.m; sourceTree = "<group>"; };
		D2538BC71483AFC600A961D8 /* NewsDataSource.h */ = {isa = PBXFileReference; fileEncoding = 4; lastKnownFileType = sourcecode.c.h; name = NewsDataSource.h; path = Classes/NewsDataSource.h; sourceTree = "<group>"; };
		D2538BC81483AFC600A961D8 /* NewsDataSource.m */ = {isa = PBXFileReference; fileEncoding = 4; lastKnownFileType = sourcecode.c.objc; name = NewsDataSource.m; path = Classes/NewsDataSource.m; sourceTree = "<group>"; };
		D2538BC91483AFC600A961D8 /* NewsItemView.h */ = {isa = PBXFileReference; fileEncoding = 4; lastKnownFileType = sourcecode.c.h; name = NewsItemView.h; path = Classes/NewsItemView.h; sourceTree = "<group>"; };
		D2538BCA1483AFC600A961D8 /* NewsItemView.m */ = {isa = PBXFileReference; fileEncoding = 4; lastKnownFileType = sourcecode.c.objc; name = NewsItemView.m; path = Classes/NewsItemView.m; sourceTree = "<group>"; };
		D2538BCB1483AFC600A961D8 /* NewsView.h */ = {isa = PBXFileReference; fileEncoding = 4; lastKnownFileType = sourcecode.c.h; name = NewsView.h; path = Classes/NewsView.h; sourceTree = "<group>"; };
		D2538BCC1483AFC600A961D8 /* NewsView.m */ = {isa = PBXFileReference; fileEncoding = 4; lastKnownFileType = sourcecode.c.objc; name = NewsView.m; path = Classes/NewsView.m; sourceTree = "<group>"; };
		D2538BCD1483AFC600A961D8 /* PhotoItem.h */ = {isa = PBXFileReference; fileEncoding = 4; lastKnownFileType = sourcecode.c.h; name = PhotoItem.h; path = Classes/PhotoItem.h; sourceTree = "<group>"; };
		D2538BCE1483AFC600A961D8 /* PhotoItem.m */ = {isa = PBXFileReference; fileEncoding = 4; lastKnownFileType = sourcecode.c.objc; name = PhotoItem.m; path = Classes/PhotoItem.m; sourceTree = "<group>"; };
		D2538BCF1483AFC600A961D8 /* PhotoResponse.h */ = {isa = PBXFileReference; fileEncoding = 4; lastKnownFileType = sourcecode.c.h; name = PhotoResponse.h; path = Classes/PhotoResponse.h; sourceTree = "<group>"; };
		D2538BD01483AFC600A961D8 /* PhotoResponse.m */ = {isa = PBXFileReference; fileEncoding = 4; lastKnownFileType = sourcecode.c.objc; name = PhotoResponse.m; path = Classes/PhotoResponse.m; sourceTree = "<group>"; };
		D2538BD11483AFC600A961D8 /* PhotosDataSource.h */ = {isa = PBXFileReference; fileEncoding = 4; lastKnownFileType = sourcecode.c.h; name = PhotosDataSource.h; path = Classes/PhotosDataSource.h; sourceTree = "<group>"; };
		D2538BD21483AFC600A961D8 /* PhotosDataSource.m */ = {isa = PBXFileReference; fileEncoding = 4; lastKnownFileType = sourcecode.c.objc; name = PhotosDataSource.m; path = Classes/PhotosDataSource.m; sourceTree = "<group>"; };
		D2538BD31483AFC600A961D8 /* PhotosView.h */ = {isa = PBXFileReference; fileEncoding = 4; lastKnownFileType = sourcecode.c.h; name = PhotosView.h; path = Classes/PhotosView.h; sourceTree = "<group>"; };
		D2538BD41483AFC600A961D8 /* PhotosView.m */ = {isa = PBXFileReference; fileEncoding = 4; lastKnownFileType = sourcecode.c.objc; name = PhotosView.m; path = Classes/PhotosView.m; sourceTree = "<group>"; };
		D2538BD51483AFC600A961D8 /* RegexKitLite.h */ = {isa = PBXFileReference; fileEncoding = 4; lastKnownFileType = sourcecode.c.h; name = RegexKitLite.h; path = Classes/RegexKitLite.h; sourceTree = "<group>"; };
		D2538BD61483AFC600A961D8 /* RegexKitLite.m */ = {isa = PBXFileReference; fileEncoding = 4; lastKnownFileType = sourcecode.c.objc; name = RegexKitLite.m; path = Classes/RegexKitLite.m; sourceTree = "<group>"; };
		D2538BD71483AFC600A961D8 /* TTTableViewDelegate+URLAdditions.h */ = {isa = PBXFileReference; fileEncoding = 4; lastKnownFileType = sourcecode.c.h; name = "TTTableViewDelegate+URLAdditions.h"; path = "Classes/TTTableViewDelegate+URLAdditions.h"; sourceTree = "<group>"; };
		D2538BD81483AFC600A961D8 /* TTTableViewDelegate+URLAdditions.m */ = {isa = PBXFileReference; fileEncoding = 4; lastKnownFileType = sourcecode.c.objc; name = "TTTableViewDelegate+URLAdditions.m"; path = "Classes/TTTableViewDelegate+URLAdditions.m"; sourceTree = "<group>"; };
		D2538BD91483AFC600A961D8 /* VideoDataSource.h */ = {isa = PBXFileReference; fileEncoding = 4; lastKnownFileType = sourcecode.c.h; name = VideoDataSource.h; path = Classes/VideoDataSource.h; sourceTree = "<group>"; };
		D2538BDA1483AFC600A961D8 /* VideoDataSource.m */ = {isa = PBXFileReference; fileEncoding = 4; lastKnownFileType = sourcecode.c.objc; name = VideoDataSource.m; path = Classes/VideoDataSource.m; sourceTree = "<group>"; };
		D2538BDB1483AFC600A961D8 /* VideosView.h */ = {isa = PBXFileReference; fileEncoding = 4; lastKnownFileType = sourcecode.c.h; name = VideosView.h; path = Classes/VideosView.h; sourceTree = "<group>"; };
		D2538BDC1483AFC600A961D8 /* VideosView.m */ = {isa = PBXFileReference; fileEncoding = 4; lastKnownFileType = sourcecode.c.objc; name = VideosView.m; path = Classes/VideosView.m; sourceTree = "<group>"; };
		D2538BDD1483AFC600A961D8 /* WICAppDelegate.h */ = {isa = PBXFileReference; fileEncoding = 4; lastKnownFileType = sourcecode.c.h; name = WICAppDelegate.h; path = Classes/WICAppDelegate.h; sourceTree = "<group>"; };
		D2538BDE1483AFC600A961D8 /* WICAppDelegate.m */ = {isa = PBXFileReference; fileEncoding = 4; lastKnownFileType = sourcecode.c.objc; name = WICAppDelegate.m; path = Classes/WICAppDelegate.m; sourceTree = "<group>"; };
		D2538BDF1483AFC600A961D8 /* YoutubeTableCell.h */ = {isa = PBXFileReference; fileEncoding = 4; lastKnownFileType = sourcecode.c.h; name = YoutubeTableCell.h; path = Classes/YoutubeTableCell.h; sourceTree = "<group>"; };
		D2538BE01483AFC600A961D8 /* YoutubeTableCell.m */ = {isa = PBXFileReference; fileEncoding = 4; lastKnownFileType = sourcecode.c.objc; name = YoutubeTableCell.m; path = Classes/YoutubeTableCell.m; sourceTree = "<group>"; };
		D2538BE11483AFC600A961D8 /* YouTubeTextItem.h */ = {isa = PBXFileReference; fileEncoding = 4; lastKnownFileType = sourcecode.c.h; name = YouTubeTextItem.h; path = Classes/YouTubeTextItem.h; sourceTree = "<group>"; };
		D2538BE21483AFC600A961D8 /* YouTubeTextItem.m */ = {isa = PBXFileReference; fileEncoding = 4; lastKnownFileType = sourcecode.c.objc; name = YouTubeTextItem.m; path = Classes/YouTubeTextItem.m; sourceTree = "<group>"; };
		D26E810014AE6AA900F2ADCF /* tile.png */ = {isa = PBXFileReference; lastKnownFileType = image.png; path = tile.png; sourceTree = "<group>"; };
		D26E810214AE70D400F2ADCF /* tabbar@2x.png */ = {isa = PBXFileReference; lastKnownFileType = image.png; path = "tabbar@2x.png"; sourceTree = "<group>"; };
		D26E811014AE796100F2ADCF /* Icon@2x.png */ = {isa = PBXFileReference; lastKnownFileType = image.png; path = "Icon@2x.png"; sourceTree = "<group>"; };
		D26E811214AE796C00F2ADCF /* Icon.png */ = {isa = PBXFileReference; lastKnownFileType = image.png; path = Icon.png; sourceTree = "<group>"; };
		D2786B4B146188DE0047FFBC /* WICStylesheet.h */ = {isa = PBXFileReference; fileEncoding = 4; lastKnownFileType = sourcecode.c.h; name = WICStylesheet.h; path = Classes/WICStylesheet.h; sourceTree = "<group>"; };
		D2786B4C146188DE0047FFBC /* WICStylesheet.m */ = {isa = PBXFileReference; fileEncoding = 4; lastKnownFileType = sourcecode.c.objc; name = WICStylesheet.m; path = Classes/WICStylesheet.m; sourceTree = "<group>"; };
		D27D4B4914B4F63100C02C78 /* UINavigationBar+StyleHaxx.h */ = {isa = PBXFileReference; fileEncoding = 4; lastKnownFileType = sourcecode.c.h; name = "UINavigationBar+StyleHaxx.h"; path = "Classes/UINavigationBar+StyleHaxx.h"; sourceTree = "<group>"; };
		D27D4B4A14B4F63100C02C78 /* UINavigationBar+StyleHaxx.m */ = {isa = PBXFileReference; fileEncoding = 4; lastKnownFileType = sourcecode.c.objc; name = "UINavigationBar+StyleHaxx.m"; path = "Classes/UINavigationBar+StyleHaxx.m"; sourceTree = "<group>"; };
		D27D4B4C14B4FB8200C02C78 /* navbar.png */ = {isa = PBXFileReference; lastKnownFileType = image.png; path = navbar.png; sourceTree = "<group>"; };
		D27D4B4D14B4FB8200C02C78 /* navbar@2x.png */ = {isa = PBXFileReference; lastKnownFileType = image.png; path = "navbar@2x.png"; sourceTree = "<group>"; };
		D2A75DD71460994A00FDB105 /* WICWebController.h */ = {isa = PBXFileReference; fileEncoding = 4; lastKnownFileType = sourcecode.c.h; name = WICWebController.h; path = Classes/WICWebController.h; sourceTree = "<group>"; };
		D2A75DD81460994A00FDB105 /* WICWebController.m */ = {isa = PBXFileReference; fileEncoding = 4; lastKnownFileType = sourcecode.c.objc; name = WICWebController.m; path = Classes/WICWebController.m; sourceTree = "<group>"; };
		D2A75EF51460A0B800FDB105 /* WICTabBarController.h */ = {isa = PBXFileReference; fileEncoding = 4; lastKnownFileType = sourcecode.c.h; name = WICTabBarController.h; path = Classes/WICTabBarController.h; sourceTree = "<group>"; };
		D2A75EF61460A0B800FDB105 /* WICTabBarController.m */ = {isa = PBXFileReference; fileEncoding = 4; lastKnownFileType = sourcecode.c.objc; name = WICTabBarController.m; path = Classes/WICTabBarController.m; sourceTree = "<group>"; };
		D2D377DD148907A800A3F3FA /* Videos.png */ = {isa = PBXFileReference; lastKnownFileType = image.png; path = Videos.png; sourceTree = "<group>"; };
		D2D377DE148907A800A3F3FA /* Videos@2x.png */ = {isa = PBXFileReference; lastKnownFileType = image.png; path = "Videos@2x.png"; sourceTree = "<group>"; };
		D2D377E1148908FF00A3F3FA /* Photos.png */ = {isa = PBXFileReference; lastKnownFileType = image.png; path = Photos.png; sourceTree = "<group>"; };
		D2D377E2148908FF00A3F3FA /* Photos@2x.png */ = {isa = PBXFileReference; lastKnownFileType = image.png; path = "Photos@2x.png"; sourceTree = "<group>"; };
		D2D377E5148909D200A3F3FA /* News.png */ = {isa = PBXFileReference; lastKnownFileType = image.png; path = News.png; sourceTree = "<group>"; };
		D2D377E6148909D200A3F3FA /* News@2x.png */ = {isa = PBXFileReference; lastKnownFileType = image.png; path = "News@2x.png"; sourceTree = "<group>"; };
		D9BECEB915D13E7D0010C5F9 /* Three20.xcodeproj */ = {isa = PBXFileReference; lastKnownFileType = "wrapper.pb-project"; name = Three20.xcodeproj; path = libs/three20/src/Three20/Three20.xcodeproj; sourceTree = "<group>"; };
		D9BECEE915D13E840010C5F9 /* extThree20JSON.xcodeproj */ = {isa = PBXFileReference; lastKnownFileType = "wrapper.pb-project"; name = extThree20JSON.xcodeproj; path = libs/three20/src/extThree20JSON/extThree20JSON.xcodeproj; sourceTree = "<group>"; };
		D9BECEFA15D13E920010C5F9 /* extThree20XML.xcodeproj */ = {isa = PBXFileReference; lastKnownFileType = "wrapper.pb-project"; name = extThree20XML.xcodeproj; path = libs/three20/src/extThree20XML/extThree20XML.xcodeproj; sourceTree = "<group>"; };
		D9BECF0815D13E9D0010C5F9 /* Three20Core.xcodeproj */ = {isa = PBXFileReference; lastKnownFileType = "wrapper.pb-project"; name = Three20Core.xcodeproj; path = libs/three20/src/Three20Core/Three20Core.xcodeproj; sourceTree = "<group>"; };
		D9BECF1115D13EA70010C5F9 /* Three20Network.xcodeproj */ = {isa = PBXFileReference; lastKnownFileType = "wrapper.pb-project"; name = Three20Network.xcodeproj; path = libs/three20/src/Three20Network/Three20Network.xcodeproj; sourceTree = "<group>"; };
		D9BECF1A15D13EB10010C5F9 /* Three20Style.xcodeproj */ = {isa = PBXFileReference; lastKnownFileType = "wrapper.pb-project"; name = Three20Style.xcodeproj; path = libs/three20/src/Three20Style/Three20Style.xcodeproj; sourceTree = "<group>"; };
		D9BECF2315D13EBB0010C5F9 /* Three20UI.xcodeproj */ = {isa = PBXFileReference; lastKnownFileType = "wrapper.pb-project"; name = Three20UI.xcodeproj; path = libs/three20/src/Three20UI/Three20UI.xcodeproj; sourceTree = "<group>"; };
		D9BECF2C15D13EC50010C5F9 /* Three20UICommon.xcodeproj */ = {isa = PBXFileReference; lastKnownFileType = "wrapper.pb-project"; name = Three20UICommon.xcodeproj; path = libs/three20/src/Three20UICommon/Three20UICommon.xcodeproj; sourceTree = "<group>"; };
		D9BECF3515D13ECF0010C5F9 /* Three20UINavigator.xcodeproj */ = {isa = PBXFileReference; lastKnownFileType = "wrapper.pb-project"; name = Three20UINavigator.xcodeproj; path = libs/three20/src/Three20UINavigator/Three20UINavigator.xcodeproj; sourceTree = "<group>"; };
		D9E3D77915D0752B00BB178B /* Three20.bundle */ = {isa = PBXFileReference; lastKnownFileType = "wrapper.plug-in"; path = Three20.bundle; sourceTree = "<group>"; };
/* End PBXFileReference section */

/* Begin PBXFrameworksBuildPhase section */
		D2147D7C1460947500966BF6 /* Frameworks */ = {
			isa = PBXFrameworksBuildPhase;
			buildActionMask = 2147483647;
			files = (
				D9BECF3E15D13EE30010C5F9 /* libextThree20JSON+SBJSON.a in Frameworks */,
				D9BECF3F15D13EE30010C5F9 /* libextThree20XML.a in Frameworks */,
				D9BECF4015D13EE30010C5F9 /* libThree20.a in Frameworks */,
				D9BECF4115D13EE30010C5F9 /* libThree20Core.a in Frameworks */,
				D9BECF4215D13EE30010C5F9 /* libThree20Network.a in Frameworks */,
				D9BECF4315D13EE30010C5F9 /* libThree20Style.a in Frameworks */,
				D9BECF4415D13EE30010C5F9 /* libThree20UI.a in Frameworks */,
				D9BECF4515D13EE30010C5F9 /* libThree20UICommon.a in Frameworks */,
				D9BECF4615D13EE30010C5F9 /* libThree20UINavigator.a in Frameworks */,
				D240A90E14B1107B00B5FF9F /* CFNetwork.framework in Frameworks */,
				D240A90C14B1102600B5FF9F /* SystemConfiguration.framework in Frameworks */,
				D240A90A14B1101300B5FF9F /* MediaPlayer.framework in Frameworks */,
				D240A90814B1100A00B5FF9F /* AudioToolbox.framework in Frameworks */,
				320AF8492C47A4D819F7C451 /* QuartzCore.framework in Frameworks */,
				D2147D841460947500966BF6 /* UIKit.framework in Frameworks */,
				D2147D861460947500966BF6 /* Foundation.framework in Frameworks */,
				D2147D881460947500966BF6 /* CoreGraphics.framework in Frameworks */,
				D2147D8A1460947500966BF6 /* CoreData.framework in Frameworks */,
			);
			runOnlyForDeploymentPostprocessing = 0;
		};
/* End PBXFrameworksBuildPhase section */

/* Begin PBXGroup section */
		D2147D741460947500966BF6 = {
			isa = PBXGroup;
			children = (
				D240A92214B12E7500B5FF9F /* Default.png */,
				D240A92014B12E6900B5FF9F /* Default@2x.png */,
				D26E811214AE796C00F2ADCF /* Icon.png */,
				D26E811014AE796100F2ADCF /* Icon@2x.png */,
				D2147D8B1460947500966BF6 /* walkincoma */,
				D2147D821460947500966BF6 /* Frameworks */,
				D2147D801460947500966BF6 /* Products */,
			);
			sourceTree = "<group>";
		};
		D2147D801460947500966BF6 /* Products */ = {
			isa = PBXGroup;
			children = (
				D2147D7F1460947500966BF6 /* Walk In Coma.app */,
			);
			name = Products;
			sourceTree = "<group>";
		};
		D2147D821460947500966BF6 /* Frameworks */ = {
			isa = PBXGroup;
			children = (
				D9BECF3515D13ECF0010C5F9 /* Three20UINavigator.xcodeproj */,
				D9BECF2C15D13EC50010C5F9 /* Three20UICommon.xcodeproj */,
				D9BECF2315D13EBB0010C5F9 /* Three20UI.xcodeproj */,
				D9BECF1A15D13EB10010C5F9 /* Three20Style.xcodeproj */,
				D9BECF1115D13EA70010C5F9 /* Three20Network.xcodeproj */,
				D9BECF0815D13E9D0010C5F9 /* Three20Core.xcodeproj */,
				D9BECEFA15D13E920010C5F9 /* extThree20XML.xcodeproj */,
				D9BECEE915D13E840010C5F9 /* extThree20JSON.xcodeproj */,
				D9BECEB915D13E7D0010C5F9 /* Three20.xcodeproj */,
				320AF8492C47A4D819F7C450 /* QuartzCore.framework */,
				D240A90D14B1107B00B5FF9F /* CFNetwork.framework */,
				D240A90B14B1102600B5FF9F /* SystemConfiguration.framework */,
				D240A90914B1101300B5FF9F /* MediaPlayer.framework */,
				D240A90714B1100A00B5FF9F /* AudioToolbox.framework */,
				D2147D831460947500966BF6 /* UIKit.framework */,
				D2147D851460947500966BF6 /* Foundation.framework */,
				D2147D871460947500966BF6 /* CoreGraphics.framework */,
				D2147D891460947500966BF6 /* CoreData.framework */,
			);
			name = Frameworks;
			sourceTree = "<group>";
		};
		D2147D8B1460947500966BF6 /* walkincoma */ = {
			isa = PBXGroup;
			children = (
				D2D377DC1489079500A3F3FA /* Images */,
				D2538BC21483AFC600A961D8 /* FeedItem.h */,
				D2538BC31483AFC600A961D8 /* FeedItem.m */,
				D2538BC41483AFC600A961D8 /* FeedModel.h */,
				D2538BC51483AFC600A961D8 /* FeedModel.m */,
				D2538BC71483AFC600A961D8 /* NewsDataSource.h */,
				D2538BC81483AFC600A961D8 /* NewsDataSource.m */,
				D2538BC91483AFC600A961D8 /* NewsItemView.h */,
				D2538BCA1483AFC600A961D8 /* NewsItemView.m */,
				D2538BCB1483AFC600A961D8 /* NewsView.h */,
				D2538BCC1483AFC600A961D8 /* NewsView.m */,
				D2538BCD1483AFC600A961D8 /* PhotoItem.h */,
				D2538BCE1483AFC600A961D8 /* PhotoItem.m */,
				D2538BCF1483AFC600A961D8 /* PhotoResponse.h */,
				D2538BD01483AFC600A961D8 /* PhotoResponse.m */,
				D2538BD11483AFC600A961D8 /* PhotosDataSource.h */,
				D2538BD21483AFC600A961D8 /* PhotosDataSource.m */,
				D2538BD31483AFC600A961D8 /* PhotosView.h */,
				D2538BD41483AFC600A961D8 /* PhotosView.m */,
				D2538BD51483AFC600A961D8 /* RegexKitLite.h */,
				D2538BD61483AFC600A961D8 /* RegexKitLite.m */,
				D2538BD71483AFC600A961D8 /* TTTableViewDelegate+URLAdditions.h */,
				D2538BD81483AFC600A961D8 /* TTTableViewDelegate+URLAdditions.m */,
				D2538BD91483AFC600A961D8 /* VideoDataSource.h */,
				D2538BDA1483AFC600A961D8 /* VideoDataSource.m */,
				D2538BDB1483AFC600A961D8 /* VideosView.h */,
				D2538BDC1483AFC600A961D8 /* VideosView.m */,
				D2538BDD1483AFC600A961D8 /* WICAppDelegate.h */,
				D2538BDE1483AFC600A961D8 /* WICAppDelegate.m */,
				D2538BDF1483AFC600A961D8 /* YoutubeTableCell.h */,
				D2538BE01483AFC600A961D8 /* YoutubeTableCell.m */,
				D2538BE11483AFC600A961D8 /* YouTubeTextItem.h */,
				D2538BE21483AFC600A961D8 /* YouTubeTextItem.m */,
				D2147D971460947500966BF6 /* walkincoma.xcdatamodeld */,
				D2147D8C1460947500966BF6 /* Supporting Files */,
				D2A75DD71460994A00FDB105 /* WICWebController.h */,
				D2A75DD81460994A00FDB105 /* WICWebController.m */,
				D2A75EF51460A0B800FDB105 /* WICTabBarController.h */,
				D2A75EF61460A0B800FDB105 /* WICTabBarController.m */,
				D2786B4B146188DE0047FFBC /* WICStylesheet.h */,
				D2786B4C146188DE0047FFBC /* WICStylesheet.m */,
				D240A8EA14B1099D00B5FF9F /* AudioPlayer.h */,
				D240A8EB14B1099D00B5FF9F /* AudioPlayer.m */,
				D240A8EE14B10A7200B5FF9F /* AudioStreamer.h */,
				D240A8EF14B10A7200B5FF9F /* AudioStreamer.m */,
				D27D4B4914B4F63100C02C78 /* UINavigationBar+StyleHaxx.h */,
				D27D4B4A14B4F63100C02C78 /* UINavigationBar+StyleHaxx.m */,
			);
			path = walkincoma;
			sourceTree = "<group>";
		};
		D2147D8C1460947500966BF6 /* Supporting Files */ = {
			isa = PBXGroup;
			children = (
				D240A8F714B10AAB00B5FF9F /* AudioPlayer.xib */,
				D9E3D77915D0752B00BB178B /* Three20.bundle */,
				D2538BC61483AFC600A961D8 /* main.m */,
				D2147D8D1460947500966BF6 /* Walk In Coma-Info.plist */,
				D2147D8E1460947500966BF6 /* InfoPlist.strings */,
				D2147D931460947500966BF6 /* Walk In Coma-Prefix.pch */,
			);
			name = "Supporting Files";
			sourceTree = "<group>";
		};
		D2D377DC1489079500A3F3FA /* Images */ = {
			isa = PBXGroup;
			children = (
				D27D4B4C14B4FB8200C02C78 /* navbar.png */,
				D27D4B4D14B4FB8200C02C78 /* navbar@2x.png */,
				D240A91C14B128EC00B5FF9F /* music.png */,
				D240A91D14B128ED00B5FF9F /* music@2x.png */,
				D240A8F414B10AAB00B5FF9F /* loadingbutton@2x.png */,
				D240A8F514B10AAB00B5FF9F /* playbutton@2x.png */,
				D240A8F614B10AAB00B5FF9F /* stopbutton@2x.png */,
				D240A8F814B10AAB00B5FF9F /* loadingbutton.png */,
				D240A8F914B10AAB00B5FF9F /* playbutton.png */,
				D240A8FA14B10AAB00B5FF9F /* stopbutton.png */,
				D26E810014AE6AA900F2ADCF /* tile.png */,
				D26E810214AE70D400F2ADCF /* tabbar@2x.png */,
				D2D377E5148909D200A3F3FA /* News.png */,
				D2D377E6148909D200A3F3FA /* News@2x.png */,
				D2D377E1148908FF00A3F3FA /* Photos.png */,
				D240A90F14B11CB700B5FF9F /* musicplaceholder.png */,
				D2D377E2148908FF00A3F3FA /* Photos@2x.png */,
				D2D377DD148907A800A3F3FA /* Videos.png */,
				D2D377DE148907A800A3F3FA /* Videos@2x.png */,
			);
			name = Images;
			sourceTree = "<group>";
		};
		D9BECEBA15D13E7D0010C5F9 /* Products */ = {
			isa = PBXGroup;
			children = (
				D9BECEE515D13E7D0010C5F9 /* libThree20.a */,
				D9BECEE715D13E7D0010C5F9 /* Three20UnitTests.octest */,
			);
			name = Products;
			sourceTree = "<group>";
		};
		D9BECEEA15D13E840010C5F9 /* Products */ = {
			isa = PBXGroup;
			children = (
				D9BECEF515D13E840010C5F9 /* libextThree20JSON+SBJSON.a */,
				D9BECEF715D13E840010C5F9 /* libextThree20JSON+YAJL.a */,
				D9BECEF915D13E840010C5F9 /* extJSONUnitTests+SBJSON.octest */,
			);
			name = Products;
			sourceTree = "<group>";
		};
		D9BECEFB15D13E920010C5F9 /* Products */ = {
			isa = PBXGroup;
			children = (
				D9BECF0515D13E920010C5F9 /* libextThree20XML.a */,
				D9BECF0715D13E920010C5F9 /* extXMLUnitTests.octest */,
			);
			name = Products;
			sourceTree = "<group>";
		};
		D9BECF0915D13E9D0010C5F9 /* Products */ = {
			isa = PBXGroup;
			children = (
				D9BECF0E15D13E9D0010C5F9 /* libThree20Core.a */,
				D9BECF1015D13E9D0010C5F9 /* CoreUnitTests.octest */,
			);
			name = Products;
			sourceTree = "<group>";
		};
		D9BECF1215D13EA70010C5F9 /* Products */ = {
			isa = PBXGroup;
			children = (
				D9BECF1715D13EA70010C5F9 /* libThree20Network.a */,
				D9BECF1915D13EA70010C5F9 /* NetworkUnitTests.octest */,
			);
			name = Products;
			sourceTree = "<group>";
		};
		D9BECF1B15D13EB10010C5F9 /* Products */ = {
			isa = PBXGroup;
			children = (
				D9BECF2015D13EB10010C5F9 /* libThree20Style.a */,
				D9BECF2215D13EB10010C5F9 /* StyleUnitTests.octest */,
			);
			name = Products;
			sourceTree = "<group>";
		};
		D9BECF2415D13EBB0010C5F9 /* Products */ = {
			isa = PBXGroup;
			children = (
				D9BECF2915D13EBB0010C5F9 /* libThree20UI.a */,
				D9BECF2B15D13EBB0010C5F9 /* UIUnitTests.octest */,
			);
			name = Products;
			sourceTree = "<group>";
		};
		D9BECF2D15D13EC50010C5F9 /* Products */ = {
			isa = PBXGroup;
			children = (
				D9BECF3215D13EC50010C5F9 /* libThree20UICommon.a */,
				D9BECF3415D13EC50010C5F9 /* UICommonUnitTests.octest */,
			);
			name = Products;
			sourceTree = "<group>";
		};
		D9BECF3615D13ECF0010C5F9 /* Products */ = {
			isa = PBXGroup;
			children = (
				D9BECF3B15D13ECF0010C5F9 /* libThree20UINavigator.a */,
				D9BECF3D15D13ECF0010C5F9 /* UINavigatorUnitTests.octest */,
			);
			name = Products;
			sourceTree = "<group>";
		};
/* End PBXGroup section */

/* Begin PBXNativeTarget section */
		D2147D7E1460947500966BF6 /* Walk In Coma */ = {
			isa = PBXNativeTarget;
			buildConfigurationList = D2147D9C1460947500966BF6 /* Build configuration list for PBXNativeTarget "Walk In Coma" */;
			buildPhases = (
				D2147D7B1460947500966BF6 /* Sources */,
				D2147D7C1460947500966BF6 /* Frameworks */,
				D2147D7D1460947500966BF6 /* Resources */,
			);
			buildRules = (
			);
			dependencies = (
			);
			name = "Walk In Coma";
			productName = walkincoma;
			productReference = D2147D7F1460947500966BF6 /* Walk In Coma.app */;
			productType = "com.apple.product-type.application";
		};
/* End PBXNativeTarget section */

/* Begin PBXProject section */
		D2147D761460947500966BF6 /* Project object */ = {
			isa = PBXProject;
			attributes = {
				LastUpgradeCheck = 0430;
			};
			buildConfigurationList = D2147D791460947500966BF6 /* Build configuration list for PBXProject "Walk In Coma" */;
			compatibilityVersion = "Xcode 3.2";
			developmentRegion = English;
			hasScannedForEncodings = 0;
			knownRegions = (
				en,
			);
			mainGroup = D2147D741460947500966BF6;
			productRefGroup = D2147D801460947500966BF6 /* Products */;
			projectDirPath = "";
			projectReferences = (
				{
					ProductGroup = D9BECEEA15D13E840010C5F9 /* Products */;
					ProjectRef = D9BECEE915D13E840010C5F9 /* extThree20JSON.xcodeproj */;
				},
				{
					ProductGroup = D9BECEFB15D13E920010C5F9 /* Products */;
					ProjectRef = D9BECEFA15D13E920010C5F9 /* extThree20XML.xcodeproj */;
				},
				{
					ProductGroup = D9BECEBA15D13E7D0010C5F9 /* Products */;
					ProjectRef = D9BECEB915D13E7D0010C5F9 /* Three20.xcodeproj */;
				},
				{
					ProductGroup = D9BECF0915D13E9D0010C5F9 /* Products */;
					ProjectRef = D9BECF0815D13E9D0010C5F9 /* Three20Core.xcodeproj */;
				},
				{
					ProductGroup = D9BECF1215D13EA70010C5F9 /* Products */;
					ProjectRef = D9BECF1115D13EA70010C5F9 /* Three20Network.xcodeproj */;
				},
				{
					ProductGroup = D9BECF1B15D13EB10010C5F9 /* Products */;
					ProjectRef = D9BECF1A15D13EB10010C5F9 /* Three20Style.xcodeproj */;
				},
				{
					ProductGroup = D9BECF2415D13EBB0010C5F9 /* Products */;
					ProjectRef = D9BECF2315D13EBB0010C5F9 /* Three20UI.xcodeproj */;
				},
				{
					ProductGroup = D9BECF2D15D13EC50010C5F9 /* Products */;
					ProjectRef = D9BECF2C15D13EC50010C5F9 /* Three20UICommon.xcodeproj */;
				},
				{
					ProductGroup = D9BECF3615D13ECF0010C5F9 /* Products */;
					ProjectRef = D9BECF3515D13ECF0010C5F9 /* Three20UINavigator.xcodeproj */;
				},
			);
			projectRoot = "";
			targets = (
				D2147D7E1460947500966BF6 /* Walk In Coma */,
			);
		};
/* End PBXProject section */

/* Begin PBXReferenceProxy section */
		D9BECEE515D13E7D0010C5F9 /* libThree20.a */ = {
			isa = PBXReferenceProxy;
			fileType = archive.ar;
			path = libThree20.a;
			remoteRef = D9BECEE415D13E7D0010C5F9 /* PBXContainerItemProxy */;
			sourceTree = BUILT_PRODUCTS_DIR;
		};
		D9BECEE715D13E7D0010C5F9 /* Three20UnitTests.octest */ = {
			isa = PBXReferenceProxy;
			fileType = wrapper.cfbundle;
			path = Three20UnitTests.octest;
			remoteRef = D9BECEE615D13E7D0010C5F9 /* PBXContainerItemProxy */;
			sourceTree = BUILT_PRODUCTS_DIR;
		};
		D9BECEF515D13E840010C5F9 /* libextThree20JSON+SBJSON.a */ = {
			isa = PBXReferenceProxy;
			fileType = archive.ar;
			path = "libextThree20JSON+SBJSON.a";
			remoteRef = D9BECEF415D13E840010C5F9 /* PBXContainerItemProxy */;
			sourceTree = BUILT_PRODUCTS_DIR;
		};
		D9BECEF715D13E840010C5F9 /* libextThree20JSON+YAJL.a */ = {
			isa = PBXReferenceProxy;
			fileType = archive.ar;
			path = "libextThree20JSON+YAJL.a";
			remoteRef = D9BECEF615D13E840010C5F9 /* PBXContainerItemProxy */;
			sourceTree = BUILT_PRODUCTS_DIR;
		};
		D9BECEF915D13E840010C5F9 /* extJSONUnitTests+SBJSON.octest */ = {
			isa = PBXReferenceProxy;
			fileType = wrapper.cfbundle;
			path = "extJSONUnitTests+SBJSON.octest";
			remoteRef = D9BECEF815D13E840010C5F9 /* PBXContainerItemProxy */;
			sourceTree = BUILT_PRODUCTS_DIR;
		};
		D9BECF0515D13E920010C5F9 /* libextThree20XML.a */ = {
			isa = PBXReferenceProxy;
			fileType = archive.ar;
			path = libextThree20XML.a;
			remoteRef = D9BECF0415D13E920010C5F9 /* PBXContainerItemProxy */;
			sourceTree = BUILT_PRODUCTS_DIR;
		};
		D9BECF0715D13E920010C5F9 /* extXMLUnitTests.octest */ = {
			isa = PBXReferenceProxy;
			fileType = wrapper.cfbundle;
			path = extXMLUnitTests.octest;
			remoteRef = D9BECF0615D13E920010C5F9 /* PBXContainerItemProxy */;
			sourceTree = BUILT_PRODUCTS_DIR;
		};
		D9BECF0E15D13E9D0010C5F9 /* libThree20Core.a */ = {
			isa = PBXReferenceProxy;
			fileType = archive.ar;
			path = libThree20Core.a;
			remoteRef = D9BECF0D15D13E9D0010C5F9 /* PBXContainerItemProxy */;
			sourceTree = BUILT_PRODUCTS_DIR;
		};
		D9BECF1015D13E9D0010C5F9 /* CoreUnitTests.octest */ = {
			isa = PBXReferenceProxy;
			fileType = wrapper.cfbundle;
			path = CoreUnitTests.octest;
			remoteRef = D9BECF0F15D13E9D0010C5F9 /* PBXContainerItemProxy */;
			sourceTree = BUILT_PRODUCTS_DIR;
		};
		D9BECF1715D13EA70010C5F9 /* libThree20Network.a */ = {
			isa = PBXReferenceProxy;
			fileType = archive.ar;
			path = libThree20Network.a;
			remoteRef = D9BECF1615D13EA70010C5F9 /* PBXContainerItemProxy */;
			sourceTree = BUILT_PRODUCTS_DIR;
		};
		D9BECF1915D13EA70010C5F9 /* NetworkUnitTests.octest */ = {
			isa = PBXReferenceProxy;
			fileType = wrapper.cfbundle;
			path = NetworkUnitTests.octest;
			remoteRef = D9BECF1815D13EA70010C5F9 /* PBXContainerItemProxy */;
			sourceTree = BUILT_PRODUCTS_DIR;
		};
		D9BECF2015D13EB10010C5F9 /* libThree20Style.a */ = {
			isa = PBXReferenceProxy;
			fileType = archive.ar;
			path = libThree20Style.a;
			remoteRef = D9BECF1F15D13EB10010C5F9 /* PBXContainerItemProxy */;
			sourceTree = BUILT_PRODUCTS_DIR;
		};
		D9BECF2215D13EB10010C5F9 /* StyleUnitTests.octest */ = {
			isa = PBXReferenceProxy;
			fileType = wrapper.cfbundle;
			path = StyleUnitTests.octest;
			remoteRef = D9BECF2115D13EB10010C5F9 /* PBXContainerItemProxy */;
			sourceTree = BUILT_PRODUCTS_DIR;
		};
		D9BECF2915D13EBB0010C5F9 /* libThree20UI.a */ = {
			isa = PBXReferenceProxy;
			fileType = archive.ar;
			path = libThree20UI.a;
			remoteRef = D9BECF2815D13EBB0010C5F9 /* PBXContainerItemProxy */;
			sourceTree = BUILT_PRODUCTS_DIR;
		};
		D9BECF2B15D13EBB0010C5F9 /* UIUnitTests.octest */ = {
			isa = PBXReferenceProxy;
			fileType = wrapper.cfbundle;
			path = UIUnitTests.octest;
			remoteRef = D9BECF2A15D13EBB0010C5F9 /* PBXContainerItemProxy */;
			sourceTree = BUILT_PRODUCTS_DIR;
		};
		D9BECF3215D13EC50010C5F9 /* libThree20UICommon.a */ = {
			isa = PBXReferenceProxy;
			fileType = archive.ar;
			path = libThree20UICommon.a;
			remoteRef = D9BECF3115D13EC50010C5F9 /* PBXContainerItemProxy */;
			sourceTree = BUILT_PRODUCTS_DIR;
		};
		D9BECF3415D13EC50010C5F9 /* UICommonUnitTests.octest */ = {
			isa = PBXReferenceProxy;
			fileType = wrapper.cfbundle;
			path = UICommonUnitTests.octest;
			remoteRef = D9BECF3315D13EC50010C5F9 /* PBXContainerItemProxy */;
			sourceTree = BUILT_PRODUCTS_DIR;
		};
		D9BECF3B15D13ECF0010C5F9 /* libThree20UINavigator.a */ = {
			isa = PBXReferenceProxy;
			fileType = archive.ar;
			path = libThree20UINavigator.a;
			remoteRef = D9BECF3A15D13ECF0010C5F9 /* PBXContainerItemProxy */;
			sourceTree = BUILT_PRODUCTS_DIR;
		};
		D9BECF3D15D13ECF0010C5F9 /* UINavigatorUnitTests.octest */ = {
			isa = PBXReferenceProxy;
			fileType = wrapper.cfbundle;
			path = UINavigatorUnitTests.octest;
			remoteRef = D9BECF3C15D13ECF0010C5F9 /* PBXContainerItemProxy */;
			sourceTree = BUILT_PRODUCTS_DIR;
		};
/* End PBXReferenceProxy section */

/* Begin PBXResourcesBuildPhase section */
		D2147D7D1460947500966BF6 /* Resources */ = {
			isa = PBXResourcesBuildPhase;
			buildActionMask = 2147483647;
			files = (
				D2147D901460947500966BF6 /* InfoPlist.strings in Resources */,
				D2D377DF148907A800A3F3FA /* Videos.png in Resources */,
				D2D377E0148907A800A3F3FA /* Videos@2x.png in Resources */,
				D2D377E3148908FF00A3F3FA /* Photos.png in Resources */,
				D2D377E4148908FF00A3F3FA /* Photos@2x.png in Resources */,
				D2D377E7148909D200A3F3FA /* News.png in Resources */,
				D2D377E8148909D200A3F3FA /* News@2x.png in Resources */,
				D26E810114AE6AA900F2ADCF /* tile.png in Resources */,
				D26E810314AE70D400F2ADCF /* tabbar@2x.png in Resources */,
				D26E811114AE796100F2ADCF /* Icon@2x.png in Resources */,
				D26E811314AE796C00F2ADCF /* Icon.png in Resources */,
				D240A8FB14B10AAC00B5FF9F /* loadingbutton@2x.png in Resources */,
				D240A8FC14B10AAC00B5FF9F /* playbutton@2x.png in Resources */,
				D240A8FD14B10AAC00B5FF9F /* stopbutton@2x.png in Resources */,
				D240A8FE14B10AAC00B5FF9F /* AudioPlayer.xib in Resources */,
				D240A8FF14B10AAC00B5FF9F /* loadingbutton.png in Resources */,
				D240A90014B10AAC00B5FF9F /* playbutton.png in Resources */,
				D240A90114B10AAC00B5FF9F /* stopbutton.png in Resources */,
				D240A91014B11CB700B5FF9F /* musicplaceholder.png in Resources */,
				D240A91E14B128ED00B5FF9F /* music.png in Resources */,
				D240A91F14B128ED00B5FF9F /* music@2x.png in Resources */,
				D240A92114B12E6A00B5FF9F /* Default@2x.png in Resources */,
				D240A92314B12E7800B5FF9F /* Default.png in Resources */,
				D27D4B4E14B4FB8200C02C78 /* navbar.png in Resources */,
				D27D4B4F14B4FB8200C02C78 /* navbar@2x.png in Resources */,
				D9E3D77A15D0752B00BB178B /* Three20.bundle in Resources */,
			);
			runOnlyForDeploymentPostprocessing = 0;
		};
/* End PBXResourcesBuildPhase section */

/* Begin PBXSourcesBuildPhase section */
		D2147D7B1460947500966BF6 /* Sources */ = {
			isa = PBXSourcesBuildPhase;
			buildActionMask = 2147483647;
			files = (
				D2147D991460947500966BF6 /* walkincoma.xcdatamodeld in Sources */,
				D2A75DD91460994A00FDB105 /* WICWebController.m in Sources */,
				D2A75EF71460A0B800FDB105 /* WICTabBarController.m in Sources */,
				D2786B4D146188DE0047FFBC /* WICStylesheet.m in Sources */,
				D2538BE31483AFC600A961D8 /* FeedItem.m in Sources */,
				D2538BE41483AFC600A961D8 /* FeedModel.m in Sources */,
				D2538BE51483AFC600A961D8 /* main.m in Sources */,
				D2538BE61483AFC600A961D8 /* NewsDataSource.m in Sources */,
				D2538BE71483AFC600A961D8 /* NewsItemView.m in Sources */,
				D2538BE81483AFC600A961D8 /* NewsView.m in Sources */,
				D2538BE91483AFC600A961D8 /* PhotoItem.m in Sources */,
				D2538BEA1483AFC600A961D8 /* PhotoResponse.m in Sources */,
				D2538BEB1483AFC600A961D8 /* PhotosDataSource.m in Sources */,
				D2538BEC1483AFC600A961D8 /* PhotosView.m in Sources */,
				D2538BED1483AFC600A961D8 /* RegexKitLite.m in Sources */,
				D2538BEE1483AFC600A961D8 /* TTTableViewDelegate+URLAdditions.m in Sources */,
				D2538BEF1483AFC600A961D8 /* VideoDataSource.m in Sources */,
				D2538BF01483AFC600A961D8 /* VideosView.m in Sources */,
				D2538BF11483AFC600A961D8 /* WICAppDelegate.m in Sources */,
				D2538BF21483AFC600A961D8 /* YoutubeTableCell.m in Sources */,
				D2538BF31483AFC600A961D8 /* YouTubeTextItem.m in Sources */,
				D240A8EC14B1099D00B5FF9F /* AudioPlayer.m in Sources */,
				D240A8F014B10A7200B5FF9F /* AudioStreamer.m in Sources */,
				D27D4B4B14B4F63100C02C78 /* UINavigationBar+StyleHaxx.m in Sources */,
			);
			runOnlyForDeploymentPostprocessing = 0;
		};
/* End PBXSourcesBuildPhase section */

/* Begin PBXVariantGroup section */
		D2147D8E1460947500966BF6 /* InfoPlist.strings */ = {
			isa = PBXVariantGroup;
			children = (
				D2147D8F1460947500966BF6 /* en */,
			);
			name = InfoPlist.strings;
			sourceTree = "<group>";
		};
/* End PBXVariantGroup section */

/* Begin XCBuildConfiguration section */
		D2147D9A1460947500966BF6 /* Debug */ = {
			isa = XCBuildConfiguration;
			buildSettings = {
				ALWAYS_SEARCH_USER_PATHS = YES;
				ARCHS = (
					armv6,
					armv7,
				);
				CODE_SIGN_IDENTITY = "iPhone Developer";
				"CODE_SIGN_IDENTITY[sdk=iphoneos*]" = "iPhone Developer";
				COPY_PHASE_STRIP = NO;
				GCC_C_LANGUAGE_STANDARD = gnu99;
				GCC_DYNAMIC_NO_PIC = NO;
				GCC_OPTIMIZATION_LEVEL = 0;
				GCC_PREPROCESSOR_DEFINITIONS = (
					"DEBUG=1",
					"$(inherited)",
				);
				GCC_SYMBOLS_PRIVATE_EXTERN = NO;
				GCC_THUMB_SUPPORT = NO;
				GCC_VERSION = com.apple.compilers.llvm.clang.1_0;
				GCC_WARN_ABOUT_MISSING_PROTOTYPES = YES;
				GCC_WARN_ABOUT_RETURN_TYPE = YES;
				GCC_WARN_UNUSED_VARIABLE = YES;
				HEADER_SEARCH_PATHS = (
					"$(BUILT_PRODUCTS_DIR)/../three20",
					"$(BUILT_PRODUCTS_DIR)/../../three20",
				);
				IPHONEOS_DEPLOYMENT_TARGET = 4.2;
				OTHER_LDFLAGS = "-ObjC";
				PROVISIONING_PROFILE = "";
				SCAN_ALL_SOURCE_FILES_FOR_INCLUDES = YES;
				SDKROOT = iphoneos;
				USER_HEADER_SEARCH_PATHS = "\"$(BUILD_ROOT)/../IntermediateBuildFilesPath/UninstalledProducts\"/**";
			};
			name = Debug;
		};
		D2147D9B1460947500966BF6 /* Release */ = {
			isa = XCBuildConfiguration;
			buildSettings = {
				ALWAYS_SEARCH_USER_PATHS = YES;
				ARCHS = (
					armv6,
					armv7,
				);
				CODE_SIGN_IDENTITY = "iPhone Distribution";
				"CODE_SIGN_IDENTITY[sdk=iphoneos*]" = "iPhone Distribution";
				COPY_PHASE_STRIP = YES;
				GCC_C_LANGUAGE_STANDARD = gnu99;
				GCC_THUMB_SUPPORT = NO;
				GCC_VERSION = com.apple.compilers.llvm.clang.1_0;
				GCC_WARN_ABOUT_MISSING_PROTOTYPES = YES;
				GCC_WARN_ABOUT_RETURN_TYPE = YES;
				GCC_WARN_UNUSED_VARIABLE = YES;
				HEADER_SEARCH_PATHS = (
					"$(BUILT_PRODUCTS_DIR)/../three20",
					"$(BUILT_PRODUCTS_DIR)/../../three20",
				);
				IPHONEOS_DEPLOYMENT_TARGET = 4.2;
				OTHER_CFLAGS = "-DNS_BLOCK_ASSERTIONS=1";
				OTHER_LDFLAGS = "-ObjC";
				PROVISIONING_PROFILE = "";
				"PROVISIONING_PROFILE[sdk=iphoneos*]" = "";
				SCAN_ALL_SOURCE_FILES_FOR_INCLUDES = YES;
				SDKROOT = iphoneos;
				USER_HEADER_SEARCH_PATHS = "\"$(BUILD_ROOT)/../IntermediateBuildFilesPath/UninstalledProducts\"/**";
				VALIDATE_PRODUCT = YES;
			};
			name = Release;
		};
		D2147D9D1460947500966BF6 /* Debug */ = {
			isa = XCBuildConfiguration;
			buildSettings = {
				ALWAYS_SEARCH_USER_PATHS = YES;
				ARCHS = "$(ARCHS_STANDARD_32_BIT)";
				CODE_SIGN_IDENTITY = "iPhone Developer";
				GCC_PRECOMPILE_PREFIX_HEADER = YES;
				GCC_PREFIX_HEADER = "walkincoma/Walk In Coma-Prefix.pch";
				GCC_THUMB_SUPPORT = NO;
				GCC_VERSION = com.apple.compilers.llvm.clang.1_0;
				HEADER_SEARCH_PATHS = (
					"$(BUILT_PRODUCTS_DIR)/../three20/**",
					"$(BUILT_PRODUCTS_DIR)/../../three20/**",
					"$(BUILT_PRODUCTS_DIR)/**",
				);
				INFOPLIST_FILE = "walkincoma/Walk In Coma-Info.plist";
				IPHONEOS_DEPLOYMENT_TARGET = 4.3;
				OTHER_LDFLAGS = (
					"-licucore",
					"-ObjC",
					"-all_load",
				);
				PRODUCT_NAME = "Walk In Coma";
				PROVISIONING_PROFILE = "";
				SCAN_ALL_SOURCE_FILES_FOR_INCLUDES = YES;
				USER_HEADER_SEARCH_PATHS = "$(BUILD_ROOT)/**";
				VALID_ARCHS = armv7;
				WRAPPER_EXTENSION = app;
			};
			name = Debug;
		};
		D2147D9E1460947500966BF6 /* Release */ = {
			isa = XCBuildConfiguration;
			buildSettings = {
				ALWAYS_SEARCH_USER_PATHS = YES;
				ARCHS = "$(ARCHS_STANDARD_32_BIT)";
				CODE_SIGN_IDENTITY = "iPhone Distribution";
				"CODE_SIGN_IDENTITY[sdk=iphoneos*]" = "iPhone Distribution";
				GCC_PRECOMPILE_PREFIX_HEADER = YES;
				GCC_PREFIX_HEADER = "walkincoma/Walk In Coma-Prefix.pch";
				GCC_THUMB_SUPPORT = NO;
				GCC_VERSION = com.apple.compilers.llvm.clang.1_0;
				HEADER_SEARCH_PATHS = (
					"$(BUILT_PRODUCTS_DIR)/../../three20/**",
					"$(BUILT_PRODUCTS_DIR)/../three20/**",
					"$BUILT_PRODUCTS_DIR/../libs/three20/**",
					"$BUILT_PRODUCTS_DIR/../../libs/three20/**",
					"$(BUILT_PRODUCTS_DIR)/**",
				);
				INFOPLIST_FILE = "walkincoma/Walk In Coma-Info.plist";
				IPHONEOS_DEPLOYMENT_TARGET = 4.3;
				OTHER_LDFLAGS = (
					"-licucore",
					"-ObjC",
					"-all_load",
				);
				PRODUCT_NAME = "Walk In Coma";
				PROVISIONING_PROFILE = "";
				"PROVISIONING_PROFILE[sdk=iphoneos*]" = "";
				SCAN_ALL_SOURCE_FILES_FOR_INCLUDES = YES;
				USER_HEADER_SEARCH_PATHS = "$(BUILD_ROOT)/**";
				VALID_ARCHS = armv7;
				WRAPPER_EXTENSION = app;
			};
			name = Release;
		};
/* End XCBuildConfiguration section */

/* Begin XCConfigurationList section */
		D2147D791460947500966BF6 /* Build configuration list for PBXProject "Walk In Coma" */ = {
			isa = XCConfigurationList;
			buildConfigurations = (
				D2147D9A1460947500966BF6 /* Debug */,
				D2147D9B1460947500966BF6 /* Release */,
			);
			defaultConfigurationIsVisible = 0;
			defaultConfigurationName = Release;
		};
		D2147D9C1460947500966BF6 /* Build configuration list for PBXNativeTarget "Walk In Coma" */ = {
			isa = XCConfigurationList;
			buildConfigurations = (
				D2147D9D1460947500966BF6 /* Debug */,
				D2147D9E1460947500966BF6 /* Release */,
			);
			defaultConfigurationIsVisible = 0;
			defaultConfigurationName = Release;
		};
/* End XCConfigurationList section */

/* Begin XCVersionGroup section */
		D2147D971460947500966BF6 /* walkincoma.xcdatamodeld */ = {
			isa = XCVersionGroup;
			children = (
				D2147D981460947500966BF6 /* walkincoma.xcdatamodel */,
			);
			currentVersion = D2147D981460947500966BF6 /* walkincoma.xcdatamodel */;
			path = walkincoma.xcdatamodeld;
			sourceTree = "<group>";
			versionGroupType = wrapper.xcdatamodel;
		};
/* End XCVersionGroup section */
	};
	rootObject = D2147D761460947500966BF6 /* Project object */;
}
