// !$*UTF8*$!
{
	archiveVersion = 1;
	classes = {
	};
	objectVersion = 46;
	objects = {

/* Begin PBXBuildFile section */
		3201088596B4756681693705 /* libThree20UICommon.a in Frameworks */ = {isa = PBXBuildFile; fileRef = 3201088596B4756681693704 /* libThree20UICommon.a */; };
		3205FA96B41F8AE94E5369E5 /* libextThree20XML.a in Frameworks */ = {isa = PBXBuildFile; fileRef = 3205FA96B41F8AE94E5369E4 /* libextThree20XML.a */; };
		320A2827FEC940B25BC42C65 /* libThree20Core.a in Frameworks */ = {isa = PBXBuildFile; fileRef = 320A2827FEC940B25BC42C64 /* libThree20Core.a */; };
		320A5A189C235877202780D5 /* libThree20Network.a in Frameworks */ = {isa = PBXBuildFile; fileRef = 320A5A189C235877202780D4 /* libThree20Network.a */; };
		320A737074758E53BA54BE95 /* libThree20UINavigator.a in Frameworks */ = {isa = PBXBuildFile; fileRef = 320A737074758E53BA54BE94 /* libThree20UINavigator.a */; };
		320AF8492C47A4D819F7C451 /* QuartzCore.framework in Frameworks */ = {isa = PBXBuildFile; fileRef = 320AF8492C47A4D819F7C450 /* QuartzCore.framework */; };
		320B6C86F11D9990244A9731 /* Three20.bundle in Resources */ = {isa = PBXBuildFile; fileRef = 320B6C86F11D9990244A9730 /* Three20.bundle */; };
		320CC833B8AF0ACFD35E6225 /* libThree20Style.a in Frameworks */ = {isa = PBXBuildFile; fileRef = 320CC833B8AF0ACFD35E6224 /* libThree20Style.a */; };
		320D7DCCE32703ACAB9A45E5 /* libThree20.a in Frameworks */ = {isa = PBXBuildFile; fileRef = 320D7DCCE32703ACAB9A45E4 /* libThree20.a */; };
		320F2C48872C2E2C4DF86205 /* libThree20UI.a in Frameworks */ = {isa = PBXBuildFile; fileRef = 320F2C48872C2E2C4DF86204 /* libThree20UI.a */; };
		D2147D841460947500966BF6 /* UIKit.framework in Frameworks */ = {isa = PBXBuildFile; fileRef = D2147D831460947500966BF6 /* UIKit.framework */; };
		D2147D861460947500966BF6 /* Foundation.framework in Frameworks */ = {isa = PBXBuildFile; fileRef = D2147D851460947500966BF6 /* Foundation.framework */; };
		D2147D881460947500966BF6 /* CoreGraphics.framework in Frameworks */ = {isa = PBXBuildFile; fileRef = D2147D871460947500966BF6 /* CoreGraphics.framework */; };
		D2147D8A1460947500966BF6 /* CoreData.framework in Frameworks */ = {isa = PBXBuildFile; fileRef = D2147D891460947500966BF6 /* CoreData.framework */; };
		D2147D901460947500966BF6 /* InfoPlist.strings in Resources */ = {isa = PBXBuildFile; fileRef = D2147D8E1460947500966BF6 /* InfoPlist.strings */; };
		D2147D991460947500966BF6 /* walkincoma.xcdatamodeld in Sources */ = {isa = PBXBuildFile; fileRef = D2147D971460947500966BF6 /* walkincoma.xcdatamodeld */; };
		D2538BE31483AFC600A961D8 /* FeedItem.m in Sources */ = {isa = PBXBuildFile; fileRef = D2538BC31483AFC600A961D8 /* FeedItem.m */; };
		D2538BE41483AFC600A961D8 /* FeedModel.m in Sources */ = {isa = PBXBuildFile; fileRef = D2538BC51483AFC600A961D8 /* FeedModel.m */; };
		D2538BE51483AFC600A961D8 /* main.m in Sources */ = {isa = PBXBuildFile; fileRef = D2538BC61483AFC600A961D8 /* main.m */; };
		D2538BE61483AFC600A961D8 /* NewsDataSource.m in Sources */ = {isa = PBXBuildFile; fileRef = D2538BC81483AFC600A961D8 /* NewsDataSource.m */; };
		D2538BE71483AFC600A961D8 /* NewsItemView.m in Sources */ = {isa = PBXBuildFile; fileRef = D2538BCA1483AFC600A961D8 /* NewsItemView.m */; };
		D2538BE81483AFC600A961D8 /* NewsView.m in Sources */ = {isa = PBXBuildFile; fileRef = D2538BCC1483AFC600A961D8 /* NewsView.m */; };
		D2538BE91483AFC600A961D8 /* PhotoItem.m in Sources */ = {isa = PBXBuildFile; fileRef = D2538BCE1483AFC600A961D8 /* PhotoItem.m */; };
		D2538BEA1483AFC600A961D8 /* PhotoResponse.m in Sources */ = {isa = PBXBuildFile; fileRef = D2538BD01483AFC600A961D8 /* PhotoResponse.m */; };
		D2538BEB1483AFC600A961D8 /* PhotosDataSource.m in Sources */ = {isa = PBXBuildFile; fileRef = D2538BD21483AFC600A961D8 /* PhotosDataSource.m */; };
		D2538BEC1483AFC600A961D8 /* PhotosView.m in Sources */ = {isa = PBXBuildFile; fileRef = D2538BD41483AFC600A961D8 /* PhotosView.m */; };
		D2538BED1483AFC600A961D8 /* RegexKitLite.m in Sources */ = {isa = PBXBuildFile; fileRef = D2538BD61483AFC600A961D8 /* RegexKitLite.m */; };
		D2538BEE1483AFC600A961D8 /* TTTableViewDelegate+URLAdditions.m in Sources */ = {isa = PBXBuildFile; fileRef = D2538BD81483AFC600A961D8 /* TTTableViewDelegate+URLAdditions.m */; };
		D2538BEF1483AFC600A961D8 /* VideoDataSource.m in Sources */ = {isa = PBXBuildFile; fileRef = D2538BDA1483AFC600A961D8 /* VideoDataSource.m */; };
		D2538BF01483AFC600A961D8 /* VideosView.m in Sources */ = {isa = PBXBuildFile; fileRef = D2538BDC1483AFC600A961D8 /* VideosView.m */; };
		D2538BF11483AFC600A961D8 /* WICAppDelegate.m in Sources */ = {isa = PBXBuildFile; fileRef = D2538BDE1483AFC600A961D8 /* WICAppDelegate.m */; };
		D2538BF21483AFC600A961D8 /* YoutubeTableCell.m in Sources */ = {isa = PBXBuildFile; fileRef = D2538BE01483AFC600A961D8 /* YoutubeTableCell.m */; };
		D2538BF31483AFC600A961D8 /* YouTubeTextItem.m in Sources */ = {isa = PBXBuildFile; fileRef = D2538BE21483AFC600A961D8 /* YouTubeTextItem.m */; };
		D2786B4D146188DE0047FFBC /* WICStylesheet.m in Sources */ = {isa = PBXBuildFile; fileRef = D2786B4C146188DE0047FFBC /* WICStylesheet.m */; };
		D2A75DD91460994A00FDB105 /* WICWebController.m in Sources */ = {isa = PBXBuildFile; fileRef = D2A75DD81460994A00FDB105 /* WICWebController.m */; };
		D2A75EF71460A0B800FDB105 /* WICTabBarController.m in Sources */ = {isa = PBXBuildFile; fileRef = D2A75EF61460A0B800FDB105 /* WICTabBarController.m */; };
		D2D377DF148907A800A3F3FA /* Videos.png in Resources */ = {isa = PBXBuildFile; fileRef = D2D377DD148907A800A3F3FA /* Videos.png */; };
		D2D377E0148907A800A3F3FA /* Videos@2x.png in Resources */ = {isa = PBXBuildFile; fileRef = D2D377DE148907A800A3F3FA /* Videos@2x.png */; };
		D2D377E3148908FF00A3F3FA /* Photos.png in Resources */ = {isa = PBXBuildFile; fileRef = D2D377E1148908FF00A3F3FA /* Photos.png */; };
		D2D377E4148908FF00A3F3FA /* Photos@2x.png in Resources */ = {isa = PBXBuildFile; fileRef = D2D377E2148908FF00A3F3FA /* Photos@2x.png */; };
		D2D377E7148909D200A3F3FA /* News.png in Resources */ = {isa = PBXBuildFile; fileRef = D2D377E5148909D200A3F3FA /* News.png */; };
		D2D377E8148909D200A3F3FA /* News@2x.png in Resources */ = {isa = PBXBuildFile; fileRef = D2D377E6148909D200A3F3FA /* News@2x.png */; };
		D2D3781614890D3D00A3F3FA /* Play.png in Resources */ = {isa = PBXBuildFile; fileRef = D2D3781414890D3D00A3F3FA /* Play.png */; };
		D2D3781714890D3D00A3F3FA /* Play@2x.png in Resources */ = {isa = PBXBuildFile; fileRef = D2D3781514890D3D00A3F3FA /* Play@2x.png */; };
		D2D3781A14890DA200A3F3FA /* Play-off.png in Resources */ = {isa = PBXBuildFile; fileRef = D2D3781814890DA200A3F3FA /* Play-off.png */; };
		D2D3781B14890DA200A3F3FA /* Play-off@2x.png in Resources */ = {isa = PBXBuildFile; fileRef = D2D3781914890DA200A3F3FA /* Play-off@2x.png */; };
/* End PBXBuildFile section */

/* Begin PBXContainerItemProxy section */
		3201088596B4756681693702 /* PBXContainerItemProxy */ = {
			isa = PBXContainerItemProxy;
			containerPortal = 3201088596B4756681693700 /* Three20UICommon.xcodeproj */;
			proxyType = 1;
			remoteGlobalIDString = BEF31F390F352DF5000DE5D2;
			remoteInfo = Three20UICommon;
		};
		3201088596B4756681693706 /* PBXContainerItemProxy */ = {
			isa = PBXContainerItemProxy;
			containerPortal = 3201088596B4756681693700 /* Three20UICommon.xcodeproj */;
			proxyType = 2;
			remoteGlobalIDString = BEF31F3A0F352DF5000DE5D2;
			remoteInfo = Three20UICommon;
		};
		3205FA96B41F8AE94E5369E2 /* PBXContainerItemProxy */ = {
			isa = PBXContainerItemProxy;
			containerPortal = 3205FA96B41F8AE94E5369E0 /* extThree20XML.xcodeproj */;
			proxyType = 1;
			remoteGlobalIDString = BEF31F390F352DF5000DE5D2;
			remoteInfo = extThree20XML;
		};
		3205FA96B41F8AE94E5369E6 /* PBXContainerItemProxy */ = {
			isa = PBXContainerItemProxy;
			containerPortal = 3205FA96B41F8AE94E5369E0 /* extThree20XML.xcodeproj */;
			proxyType = 2;
			remoteGlobalIDString = BEF31F3A0F352DF5000DE5D2;
			remoteInfo = extThree20XML;
		};
		320A2827FEC940B25BC42C62 /* PBXContainerItemProxy */ = {
			isa = PBXContainerItemProxy;
			containerPortal = 320A2827FEC940B25BC42C60 /* Three20Core.xcodeproj */;
			proxyType = 1;
			remoteGlobalIDString = BEF31F390F352DF5000DE5D2;
			remoteInfo = Three20Core;
		};
		320A2827FEC940B25BC42C66 /* PBXContainerItemProxy */ = {
			isa = PBXContainerItemProxy;
			containerPortal = 320A2827FEC940B25BC42C60 /* Three20Core.xcodeproj */;
			proxyType = 2;
			remoteGlobalIDString = BEF31F3A0F352DF5000DE5D2;
			remoteInfo = Three20Core;
		};
		320A5A189C235877202780D2 /* PBXContainerItemProxy */ = {
			isa = PBXContainerItemProxy;
			containerPortal = 320A5A189C235877202780D0 /* Three20Network.xcodeproj */;
			proxyType = 1;
			remoteGlobalIDString = BEF31F390F352DF5000DE5D2;
			remoteInfo = Three20Network;
		};
		320A5A189C235877202780D6 /* PBXContainerItemProxy */ = {
			isa = PBXContainerItemProxy;
			containerPortal = 320A5A189C235877202780D0 /* Three20Network.xcodeproj */;
			proxyType = 2;
			remoteGlobalIDString = BEF31F3A0F352DF5000DE5D2;
			remoteInfo = Three20Network;
		};
		320A737074758E53BA54BE92 /* PBXContainerItemProxy */ = {
			isa = PBXContainerItemProxy;
			containerPortal = 320A737074758E53BA54BE90 /* Three20UINavigator.xcodeproj */;
			proxyType = 1;
			remoteGlobalIDString = BEF31F390F352DF5000DE5D2;
			remoteInfo = Three20UINavigator;
		};
		320A737074758E53BA54BE96 /* PBXContainerItemProxy */ = {
			isa = PBXContainerItemProxy;
			containerPortal = 320A737074758E53BA54BE90 /* Three20UINavigator.xcodeproj */;
			proxyType = 2;
			remoteGlobalIDString = BEF31F3A0F352DF5000DE5D2;
			remoteInfo = Three20UINavigator;
		};
		320CC833B8AF0ACFD35E6222 /* PBXContainerItemProxy */ = {
			isa = PBXContainerItemProxy;
			containerPortal = 320CC833B8AF0ACFD35E6220 /* Three20Style.xcodeproj */;
			proxyType = 1;
			remoteGlobalIDString = BEF31F390F352DF5000DE5D2;
			remoteInfo = Three20Style;
		};
		320CC833B8AF0ACFD35E6226 /* PBXContainerItemProxy */ = {
			isa = PBXContainerItemProxy;
			containerPortal = 320CC833B8AF0ACFD35E6220 /* Three20Style.xcodeproj */;
			proxyType = 2;
			remoteGlobalIDString = BEF31F3A0F352DF5000DE5D2;
			remoteInfo = Three20Style;
		};
		320D7DCCE32703ACAB9A45E2 /* PBXContainerItemProxy */ = {
			isa = PBXContainerItemProxy;
			containerPortal = 320D7DCCE32703ACAB9A45E0 /* Three20.xcodeproj */;
			proxyType = 1;
			remoteGlobalIDString = BEF31F390F352DF5000DE5D2;
			remoteInfo = Three20;
		};
		320D7DCCE32703ACAB9A45E6 /* PBXContainerItemProxy */ = {
			isa = PBXContainerItemProxy;
			containerPortal = 320D7DCCE32703ACAB9A45E0 /* Three20.xcodeproj */;
			proxyType = 2;
			remoteGlobalIDString = BEF31F3A0F352DF5000DE5D2;
			remoteInfo = Three20;
		};
		320F2C48872C2E2C4DF86202 /* PBXContainerItemProxy */ = {
			isa = PBXContainerItemProxy;
			containerPortal = 320F2C48872C2E2C4DF86200 /* Three20UI.xcodeproj */;
			proxyType = 1;
			remoteGlobalIDString = BEF31F390F352DF5000DE5D2;
			remoteInfo = Three20UI;
		};
		320F2C48872C2E2C4DF86206 /* PBXContainerItemProxy */ = {
			isa = PBXContainerItemProxy;
			containerPortal = 320F2C48872C2E2C4DF86200 /* Three20UI.xcodeproj */;
			proxyType = 2;
			remoteGlobalIDString = BEF31F3A0F352DF5000DE5D2;
			remoteInfo = Three20UI;
		};
		D2147DDD1460964E00966BF6 /* PBXContainerItemProxy */ = {
			isa = PBXContainerItemProxy;
			containerPortal = 320D7DCCE32703ACAB9A45E0 /* Three20.xcodeproj */;
			proxyType = 2;
			remoteGlobalIDString = EB9E6C6210B6A8F800DE563C;
			remoteInfo = Three20UnitTests;
		};
		D2147DE01460964E00966BF6 /* PBXContainerItemProxy */ = {
			isa = PBXContainerItemProxy;
			containerPortal = 320A2827FEC940B25BC42C60 /* Three20Core.xcodeproj */;
			proxyType = 2;
			remoteGlobalIDString = EB9E6C6210B6A8F800DE563C;
			remoteInfo = Three20CoreUnitTests;
		};
		D2147DE31460964E00966BF6 /* PBXContainerItemProxy */ = {
			isa = PBXContainerItemProxy;
			containerPortal = 320A5A189C235877202780D0 /* Three20Network.xcodeproj */;
			proxyType = 2;
			remoteGlobalIDString = EB9E6C6210B6A8F800DE563C;
			remoteInfo = Three20NetworkUnitTests;
		};
		D2147DE61460964E00966BF6 /* PBXContainerItemProxy */ = {
			isa = PBXContainerItemProxy;
			containerPortal = 320CC833B8AF0ACFD35E6220 /* Three20Style.xcodeproj */;
			proxyType = 2;
			remoteGlobalIDString = EB9E6C6210B6A8F800DE563C;
			remoteInfo = Three20StyleUnitTests;
		};
		D2147DE91460964E00966BF6 /* PBXContainerItemProxy */ = {
			isa = PBXContainerItemProxy;
			containerPortal = 320F2C48872C2E2C4DF86200 /* Three20UI.xcodeproj */;
			proxyType = 2;
			remoteGlobalIDString = EB9E6C6210B6A8F800DE563C;
			remoteInfo = Three20UIUnitTests;
		};
		D2147DEC1460964E00966BF6 /* PBXContainerItemProxy */ = {
			isa = PBXContainerItemProxy;
			containerPortal = 3201088596B4756681693700 /* Three20UICommon.xcodeproj */;
			proxyType = 2;
			remoteGlobalIDString = EB9E6C6210B6A8F800DE563C;
			remoteInfo = Three20UICommonUnitTests;
		};
		D2147DEF1460964E00966BF6 /* PBXContainerItemProxy */ = {
			isa = PBXContainerItemProxy;
			containerPortal = 320A737074758E53BA54BE90 /* Three20UINavigator.xcodeproj */;
			proxyType = 2;
			remoteGlobalIDString = EB9E6C6210B6A8F800DE563C;
			remoteInfo = Three20UINavigatorUnitTests;
		};
		D2A75E7E14609DDD00FDB105 /* PBXContainerItemProxy */ = {
			isa = PBXContainerItemProxy;
			containerPortal = 3205FA96B41F8AE94E5369E0 /* extThree20XML.xcodeproj */;
			proxyType = 2;
			remoteGlobalIDString = EB9E6C6210B6A8F800DE563C;
			remoteInfo = extThree20XMLUnitTests;
		};
/* End PBXContainerItemProxy section */

/* Begin PBXFileReference section */
		3201088596B4756681693700 /* Three20UICommon.xcodeproj */ = {isa = PBXFileReference; lastKnownFileType = "wrapper.pb-project"; name = Three20UICommon.xcodeproj; path = libs/three20/src/Three20UICommon/Three20UICommon.xcodeproj; sourceTree = SOURCE_ROOT; };
		3205FA96B41F8AE94E5369E0 /* extThree20XML.xcodeproj */ = {isa = PBXFileReference; lastKnownFileType = "wrapper.pb-project"; name = extThree20XML.xcodeproj; path = libs/three20/src/extThree20XML/extThree20XML.xcodeproj; sourceTree = SOURCE_ROOT; };
		320A2827FEC940B25BC42C60 /* Three20Core.xcodeproj */ = {isa = PBXFileReference; lastKnownFileType = "wrapper.pb-project"; name = Three20Core.xcodeproj; path = libs/three20/src/Three20Core/Three20Core.xcodeproj; sourceTree = SOURCE_ROOT; };
		320A5A189C235877202780D0 /* Three20Network.xcodeproj */ = {isa = PBXFileReference; lastKnownFileType = "wrapper.pb-project"; name = Three20Network.xcodeproj; path = libs/three20/src/Three20Network/Three20Network.xcodeproj; sourceTree = SOURCE_ROOT; };
		320A737074758E53BA54BE90 /* Three20UINavigator.xcodeproj */ = {isa = PBXFileReference; lastKnownFileType = "wrapper.pb-project"; name = Three20UINavigator.xcodeproj; path = libs/three20/src/Three20UINavigator/Three20UINavigator.xcodeproj; sourceTree = SOURCE_ROOT; };
		320AF8492C47A4D819F7C450 /* QuartzCore.framework */ = {isa = PBXFileReference; lastKnownFileType = wrapper.frameworks; name = QuartzCore.framework; path = System/Library/Frameworks/QuartzCore.framework; sourceTree = SDKROOT; };
		320B6C86F11D9990244A9730 /* Three20.bundle */ = {isa = PBXFileReference; lastKnownFileType = "wrapper.plug-in"; name = Three20.bundle; path = libs/three20/src/Three20.bundle; sourceTree = SOURCE_ROOT; };
		320CC833B8AF0ACFD35E6220 /* Three20Style.xcodeproj */ = {isa = PBXFileReference; lastKnownFileType = "wrapper.pb-project"; name = Three20Style.xcodeproj; path = libs/three20/src/Three20Style/Three20Style.xcodeproj; sourceTree = SOURCE_ROOT; };
		320D7DCCE32703ACAB9A45E0 /* Three20.xcodeproj */ = {isa = PBXFileReference; lastKnownFileType = "wrapper.pb-project"; name = Three20.xcodeproj; path = libs/three20/src/Three20/Three20.xcodeproj; sourceTree = SOURCE_ROOT; };
		320F2C48872C2E2C4DF86200 /* Three20UI.xcodeproj */ = {isa = PBXFileReference; lastKnownFileType = "wrapper.pb-project"; name = Three20UI.xcodeproj; path = libs/three20/src/Three20UI/Three20UI.xcodeproj; sourceTree = SOURCE_ROOT; };
		D2147D7F1460947500966BF6 /* Walk in Coma.app */ = {isa = PBXFileReference; explicitFileType = wrapper.application; includeInIndex = 0; path = "Walk in Coma.app"; sourceTree = BUILT_PRODUCTS_DIR; };
		D2147D831460947500966BF6 /* UIKit.framework */ = {isa = PBXFileReference; lastKnownFileType = wrapper.framework; name = UIKit.framework; path = System/Library/Frameworks/UIKit.framework; sourceTree = SDKROOT; };
		D2147D851460947500966BF6 /* Foundation.framework */ = {isa = PBXFileReference; lastKnownFileType = wrapper.framework; name = Foundation.framework; path = System/Library/Frameworks/Foundation.framework; sourceTree = SDKROOT; };
		D2147D871460947500966BF6 /* CoreGraphics.framework */ = {isa = PBXFileReference; lastKnownFileType = wrapper.framework; name = CoreGraphics.framework; path = System/Library/Frameworks/CoreGraphics.framework; sourceTree = SDKROOT; };
		D2147D891460947500966BF6 /* CoreData.framework */ = {isa = PBXFileReference; lastKnownFileType = wrapper.framework; name = CoreData.framework; path = System/Library/Frameworks/CoreData.framework; sourceTree = SDKROOT; };
		D2147D8D1460947500966BF6 /* Walk in Coma-Info.plist */ = {isa = PBXFileReference; lastKnownFileType = text.plist.xml; path = "Walk in Coma-Info.plist"; sourceTree = "<group>"; };
		D2147D8F1460947500966BF6 /* en */ = {isa = PBXFileReference; lastKnownFileType = text.plist.strings; name = en; path = en.lproj/InfoPlist.strings; sourceTree = "<group>"; };
		D2147D931460947500966BF6 /* Walk in Coma-Prefix.pch */ = {isa = PBXFileReference; lastKnownFileType = sourcecode.c.h; path = "Walk in Coma-Prefix.pch"; sourceTree = "<group>"; };
		D2147D981460947500966BF6 /* walkincoma.xcdatamodel */ = {isa = PBXFileReference; lastKnownFileType = wrapper.xcdatamodel; path = walkincoma.xcdatamodel; sourceTree = "<group>"; };
		D2538BC21483AFC600A961D8 /* FeedItem.h */ = {isa = PBXFileReference; fileEncoding = 4; lastKnownFileType = sourcecode.c.h; name = FeedItem.h; path = Classes/FeedItem.h; sourceTree = "<group>"; };
		D2538BC31483AFC600A961D8 /* FeedItem.m */ = {isa = PBXFileReference; fileEncoding = 4; lastKnownFileType = sourcecode.c.objc; name = FeedItem.m; path = Classes/FeedItem.m; sourceTree = "<group>"; };
		D2538BC41483AFC600A961D8 /* FeedModel.h */ = {isa = PBXFileReference; fileEncoding = 4; lastKnownFileType = sourcecode.c.h; name = FeedModel.h; path = Classes/FeedModel.h; sourceTree = "<group>"; };
		D2538BC51483AFC600A961D8 /* FeedModel.m */ = {isa = PBXFileReference; fileEncoding = 4; lastKnownFileType = sourcecode.c.objc; name = FeedModel.m; path = Classes/FeedModel.m; sourceTree = "<group>"; };
		D2538BC61483AFC600A961D8 /* main.m */ = {isa = PBXFileReference; fileEncoding = 4; lastKnownFileType = sourcecode.c.objc; name = main.m; path = Classes/main.m; sourceTree = "<group>"; };
		D2538BC71483AFC600A961D8 /* NewsDataSource.h */ = {isa = PBXFileReference; fileEncoding = 4; lastKnownFileType = sourcecode.c.h; name = NewsDataSource.h; path = Classes/NewsDataSource.h; sourceTree = "<group>"; };
		D2538BC81483AFC600A961D8 /* NewsDataSource.m */ = {isa = PBXFileReference; fileEncoding = 4; lastKnownFileType = sourcecode.c.objc; name = NewsDataSource.m; path = Classes/NewsDataSource.m; sourceTree = "<group>"; };
		D2538BC91483AFC600A961D8 /* NewsItemView.h */ = {isa = PBXFileReference; fileEncoding = 4; lastKnownFileType = sourcecode.c.h; name = NewsItemView.h; path = Classes/NewsItemView.h; sourceTree = "<group>"; };
		D2538BCA1483AFC600A961D8 /* NewsItemView.m */ = {isa = PBXFileReference; fileEncoding = 4; lastKnownFileType = sourcecode.c.objc; name = NewsItemView.m; path = Classes/NewsItemView.m; sourceTree = "<group>"; };
		D2538BCB1483AFC600A961D8 /* NewsView.h */ = {isa = PBXFileReference; fileEncoding = 4; lastKnownFileType = sourcecode.c.h; name = NewsView.h; path = Classes/NewsView.h; sourceTree = "<group>"; };
		D2538BCC1483AFC600A961D8 /* NewsView.m */ = {isa = PBXFileReference; fileEncoding = 4; lastKnownFileType = sourcecode.c.objc; name = NewsView.m; path = Classes/NewsView.m; sourceTree = "<group>"; };
		D2538BCD1483AFC600A961D8 /* PhotoItem.h */ = {isa = PBXFileReference; fileEncoding = 4; lastKnownFileType = sourcecode.c.h; name = PhotoItem.h; path = Classes/PhotoItem.h; sourceTree = "<group>"; };
		D2538BCE1483AFC600A961D8 /* PhotoItem.m */ = {isa = PBXFileReference; fileEncoding = 4; lastKnownFileType = sourcecode.c.objc; name = PhotoItem.m; path = Classes/PhotoItem.m; sourceTree = "<group>"; };
		D2538BCF1483AFC600A961D8 /* PhotoResponse.h */ = {isa = PBXFileReference; fileEncoding = 4; lastKnownFileType = sourcecode.c.h; name = PhotoResponse.h; path = Classes/PhotoResponse.h; sourceTree = "<group>"; };
		D2538BD01483AFC600A961D8 /* PhotoResponse.m */ = {isa = PBXFileReference; fileEncoding = 4; lastKnownFileType = sourcecode.c.objc; name = PhotoResponse.m; path = Classes/PhotoResponse.m; sourceTree = "<group>"; };
		D2538BD11483AFC600A961D8 /* PhotosDataSource.h */ = {isa = PBXFileReference; fileEncoding = 4; lastKnownFileType = sourcecode.c.h; name = PhotosDataSource.h; path = Classes/PhotosDataSource.h; sourceTree = "<group>"; };
		D2538BD21483AFC600A961D8 /* PhotosDataSource.m */ = {isa = PBXFileReference; fileEncoding = 4; lastKnownFileType = sourcecode.c.objc; name = PhotosDataSource.m; path = Classes/PhotosDataSource.m; sourceTree = "<group>"; };
		D2538BD31483AFC600A961D8 /* PhotosView.h */ = {isa = PBXFileReference; fileEncoding = 4; lastKnownFileType = sourcecode.c.h; name = PhotosView.h; path = Classes/PhotosView.h; sourceTree = "<group>"; };
		D2538BD41483AFC600A961D8 /* PhotosView.m */ = {isa = PBXFileReference; fileEncoding = 4; lastKnownFileType = sourcecode.c.objc; name = PhotosView.m; path = Classes/PhotosView.m; sourceTree = "<group>"; };
		D2538BD51483AFC600A961D8 /* RegexKitLite.h */ = {isa = PBXFileReference; fileEncoding = 4; lastKnownFileType = sourcecode.c.h; name = RegexKitLite.h; path = Classes/RegexKitLite.h; sourceTree = "<group>"; };
		D2538BD61483AFC600A961D8 /* RegexKitLite.m */ = {isa = PBXFileReference; fileEncoding = 4; lastKnownFileType = sourcecode.c.objc; name = RegexKitLite.m; path = Classes/RegexKitLite.m; sourceTree = "<group>"; };
		D2538BD71483AFC600A961D8 /* TTTableViewDelegate+URLAdditions.h */ = {isa = PBXFileReference; fileEncoding = 4; lastKnownFileType = sourcecode.c.h; name = "TTTableViewDelegate+URLAdditions.h"; path = "Classes/TTTableViewDelegate+URLAdditions.h"; sourceTree = "<group>"; };
		D2538BD81483AFC600A961D8 /* TTTableViewDelegate+URLAdditions.m */ = {isa = PBXFileReference; fileEncoding = 4; lastKnownFileType = sourcecode.c.objc; name = "TTTableViewDelegate+URLAdditions.m"; path = "Classes/TTTableViewDelegate+URLAdditions.m"; sourceTree = "<group>"; };
		D2538BD91483AFC600A961D8 /* VideoDataSource.h */ = {isa = PBXFileReference; fileEncoding = 4; lastKnownFileType = sourcecode.c.h; name = VideoDataSource.h; path = Classes/VideoDataSource.h; sourceTree = "<group>"; };
		D2538BDA1483AFC600A961D8 /* VideoDataSource.m */ = {isa = PBXFileReference; fileEncoding = 4; lastKnownFileType = sourcecode.c.objc; name = VideoDataSource.m; path = Classes/VideoDataSource.m; sourceTree = "<group>"; };
		D2538BDB1483AFC600A961D8 /* VideosView.h */ = {isa = PBXFileReference; fileEncoding = 4; lastKnownFileType = sourcecode.c.h; name = VideosView.h; path = Classes/VideosView.h; sourceTree = "<group>"; };
		D2538BDC1483AFC600A961D8 /* VideosView.m */ = {isa = PBXFileReference; fileEncoding = 4; lastKnownFileType = sourcecode.c.objc; name = VideosView.m; path = Classes/VideosView.m; sourceTree = "<group>"; };
		D2538BDD1483AFC600A961D8 /* WICAppDelegate.h */ = {isa = PBXFileReference; fileEncoding = 4; lastKnownFileType = sourcecode.c.h; name = WICAppDelegate.h; path = Classes/WICAppDelegate.h; sourceTree = "<group>"; };
		D2538BDE1483AFC600A961D8 /* WICAppDelegate.m */ = {isa = PBXFileReference; fileEncoding = 4; lastKnownFileType = sourcecode.c.objc; name = WICAppDelegate.m; path = Classes/WICAppDelegate.m; sourceTree = "<group>"; };
		D2538BDF1483AFC600A961D8 /* YoutubeTableCell.h */ = {isa = PBXFileReference; fileEncoding = 4; lastKnownFileType = sourcecode.c.h; name = YoutubeTableCell.h; path = Classes/YoutubeTableCell.h; sourceTree = "<group>"; };
		D2538BE01483AFC600A961D8 /* YoutubeTableCell.m */ = {isa = PBXFileReference; fileEncoding = 4; lastKnownFileType = sourcecode.c.objc; name = YoutubeTableCell.m; path = Classes/YoutubeTableCell.m; sourceTree = "<group>"; };
		D2538BE11483AFC600A961D8 /* YouTubeTextItem.h */ = {isa = PBXFileReference; fileEncoding = 4; lastKnownFileType = sourcecode.c.h; name = YouTubeTextItem.h; path = Classes/YouTubeTextItem.h; sourceTree = "<group>"; };
		D2538BE21483AFC600A961D8 /* YouTubeTextItem.m */ = {isa = PBXFileReference; fileEncoding = 4; lastKnownFileType = sourcecode.c.objc; name = YouTubeTextItem.m; path = Classes/YouTubeTextItem.m; sourceTree = "<group>"; };
		D2786B4B146188DE0047FFBC /* WICStylesheet.h */ = {isa = PBXFileReference; fileEncoding = 4; lastKnownFileType = sourcecode.c.h; name = WICStylesheet.h; path = Classes/WICStylesheet.h; sourceTree = "<group>"; };
		D2786B4C146188DE0047FFBC /* WICStylesheet.m */ = {isa = PBXFileReference; fileEncoding = 4; lastKnownFileType = sourcecode.c.objc; name = WICStylesheet.m; path = Classes/WICStylesheet.m; sourceTree = "<group>"; };
		D2A75DD71460994A00FDB105 /* WICWebController.h */ = {isa = PBXFileReference; fileEncoding = 4; lastKnownFileType = sourcecode.c.h; name = WICWebController.h; path = Classes/WICWebController.h; sourceTree = "<group>"; };
		D2A75DD81460994A00FDB105 /* WICWebController.m */ = {isa = PBXFileReference; fileEncoding = 4; lastKnownFileType = sourcecode.c.objc; name = WICWebController.m; path = Classes/WICWebController.m; sourceTree = "<group>"; };
		D2A75EF51460A0B800FDB105 /* WICTabBarController.h */ = {isa = PBXFileReference; fileEncoding = 4; lastKnownFileType = sourcecode.c.h; name = WICTabBarController.h; path = Classes/WICTabBarController.h; sourceTree = "<group>"; };
		D2A75EF61460A0B800FDB105 /* WICTabBarController.m */ = {isa = PBXFileReference; fileEncoding = 4; lastKnownFileType = sourcecode.c.objc; name = WICTabBarController.m; path = Classes/WICTabBarController.m; sourceTree = "<group>"; };
		D2D377DD148907A800A3F3FA /* Videos.png */ = {isa = PBXFileReference; lastKnownFileType = image.png; path = Videos.png; sourceTree = "<group>"; };
		D2D377DE148907A800A3F3FA /* Videos@2x.png */ = {isa = PBXFileReference; lastKnownFileType = image.png; path = "Videos@2x.png"; sourceTree = "<group>"; };
		D2D377E1148908FF00A3F3FA /* Photos.png */ = {isa = PBXFileReference; lastKnownFileType = image.png; path = Photos.png; sourceTree = "<group>"; };
		D2D377E2148908FF00A3F3FA /* Photos@2x.png */ = {isa = PBXFileReference; lastKnownFileType = image.png; path = "Photos@2x.png"; sourceTree = "<group>"; };
		D2D377E5148909D200A3F3FA /* News.png */ = {isa = PBXFileReference; lastKnownFileType = image.png; path = News.png; sourceTree = "<group>"; };
		D2D377E6148909D200A3F3FA /* News@2x.png */ = {isa = PBXFileReference; lastKnownFileType = image.png; path = "News@2x.png"; sourceTree = "<group>"; };
		D2D3781414890D3D00A3F3FA /* Play.png */ = {isa = PBXFileReference; lastKnownFileType = image.png; path = Play.png; sourceTree = "<group>"; };
		D2D3781514890D3D00A3F3FA /* Play@2x.png */ = {isa = PBXFileReference; lastKnownFileType = image.png; path = "Play@2x.png"; sourceTree = "<group>"; };
		D2D3781814890DA200A3F3FA /* Play-off.png */ = {isa = PBXFileReference; lastKnownFileType = image.png; path = "Play-off.png"; sourceTree = "<group>"; };
		D2D3781914890DA200A3F3FA /* Play-off@2x.png */ = {isa = PBXFileReference; lastKnownFileType = image.png; path = "Play-off@2x.png"; sourceTree = "<group>"; };
/* End PBXFileReference section */

/* Begin PBXFrameworksBuildPhase section */
		D2147D7C1460947500966BF6 /* Frameworks */ = {
			isa = PBXFrameworksBuildPhase;
			buildActionMask = 2147483647;
			files = (
				3205FA96B41F8AE94E5369E5 /* libextThree20XML.a in Frameworks */,
				3201088596B4756681693705 /* libThree20UICommon.a in Frameworks */,
				320D7DCCE32703ACAB9A45E5 /* libThree20.a in Frameworks */,
				320A737074758E53BA54BE95 /* libThree20UINavigator.a in Frameworks */,
				320A2827FEC940B25BC42C65 /* libThree20Core.a in Frameworks */,
				320F2C48872C2E2C4DF86205 /* libThree20UI.a in Frameworks */,
				320AF8492C47A4D819F7C451 /* QuartzCore.framework in Frameworks */,
				320A5A189C235877202780D5 /* libThree20Network.a in Frameworks */,
				320CC833B8AF0ACFD35E6225 /* libThree20Style.a in Frameworks */,
				D2147D841460947500966BF6 /* UIKit.framework in Frameworks */,
				D2147D861460947500966BF6 /* Foundation.framework in Frameworks */,
				D2147D881460947500966BF6 /* CoreGraphics.framework in Frameworks */,
				D2147D8A1460947500966BF6 /* CoreData.framework in Frameworks */,
			);
			runOnlyForDeploymentPostprocessing = 0;
		};
/* End PBXFrameworksBuildPhase section */

/* Begin PBXGroup section */
		3201088596B4756681693703 /* Products */ = {
			isa = PBXGroup;
			children = (
				3201088596B4756681693704 /* libThree20UICommon.a */,
				D2147DED1460964E00966BF6 /* UICommonUnitTests.octest */,
			);
			name = Products;
			sourceTree = "<group>";
		};
		3205FA96B41F8AE94E5369E3 /* Products */ = {
			isa = PBXGroup;
			children = (
				3205FA96B41F8AE94E5369E4 /* libextThree20XML.a */,
				D2A75E7F14609DDD00FDB105 /* extJSONUnitTests.octest */,
			);
			name = Products;
			sourceTree = "<group>";
		};
		320A2827FEC940B25BC42C63 /* Products */ = {
			isa = PBXGroup;
			children = (
				320A2827FEC940B25BC42C64 /* libThree20Core.a */,
				D2147DE11460964E00966BF6 /* CoreUnitTests.octest */,
			);
			name = Products;
			sourceTree = "<group>";
		};
		320A5A189C235877202780D3 /* Products */ = {
			isa = PBXGroup;
			children = (
				320A5A189C235877202780D4 /* libThree20Network.a */,
				D2147DE41460964E00966BF6 /* NetworkUnitTests.octest */,
			);
			name = Products;
			sourceTree = "<group>";
		};
		320A737074758E53BA54BE93 /* Products */ = {
			isa = PBXGroup;
			children = (
				320A737074758E53BA54BE94 /* libThree20UINavigator.a */,
				D2147DF01460964E00966BF6 /* UINavigatorUnitTests.octest */,
			);
			name = Products;
			sourceTree = "<group>";
		};
		320CC833B8AF0ACFD35E6223 /* Products */ = {
			isa = PBXGroup;
			children = (
				320CC833B8AF0ACFD35E6224 /* libThree20Style.a */,
				D2147DE71460964E00966BF6 /* StyleUnitTests.octest */,
			);
			name = Products;
			sourceTree = "<group>";
		};
		320D7DCCE32703ACAB9A45E3 /* Products */ = {
			isa = PBXGroup;
			children = (
				320D7DCCE32703ACAB9A45E4 /* libThree20.a */,
				D2147DDE1460964E00966BF6 /* Three20UnitTests.octest */,
			);
			name = Products;
			sourceTree = "<group>";
		};
		320F2C48872C2E2C4DF86203 /* Products */ = {
			isa = PBXGroup;
			children = (
				320F2C48872C2E2C4DF86204 /* libThree20UI.a */,
				D2147DEA1460964E00966BF6 /* UIUnitTests.octest */,
			);
			name = Products;
			sourceTree = "<group>";
		};
		D2147D741460947500966BF6 = {
			isa = PBXGroup;
			children = (
				D2147D8B1460947500966BF6 /* walkincoma */,
				D2147D821460947500966BF6 /* Frameworks */,
				D2147D801460947500966BF6 /* Products */,
			);
			sourceTree = "<group>";
		};
		D2147D801460947500966BF6 /* Products */ = {
			isa = PBXGroup;
			children = (
				D2147D7F1460947500966BF6 /* Walk in Coma.app */,
			);
			name = Products;
			sourceTree = "<group>";
		};
		D2147D821460947500966BF6 /* Frameworks */ = {
			isa = PBXGroup;
			children = (
				3205FA96B41F8AE94E5369E0 /* extThree20XML.xcodeproj */,
				3201088596B4756681693700 /* Three20UICommon.xcodeproj */,
				320D7DCCE32703ACAB9A45E0 /* Three20.xcodeproj */,
				320A737074758E53BA54BE90 /* Three20UINavigator.xcodeproj */,
				320A2827FEC940B25BC42C60 /* Three20Core.xcodeproj */,
				320F2C48872C2E2C4DF86200 /* Three20UI.xcodeproj */,
				320AF8492C47A4D819F7C450 /* QuartzCore.framework */,
				320A5A189C235877202780D0 /* Three20Network.xcodeproj */,
				320CC833B8AF0ACFD35E6220 /* Three20Style.xcodeproj */,
				D2147D831460947500966BF6 /* UIKit.framework */,
				D2147D851460947500966BF6 /* Foundation.framework */,
				D2147D871460947500966BF6 /* CoreGraphics.framework */,
				D2147D891460947500966BF6 /* CoreData.framework */,
			);
			name = Frameworks;
			sourceTree = "<group>";
		};
		D2147D8B1460947500966BF6 /* walkincoma */ = {
			isa = PBXGroup;
			children = (
				D2D377DC1489079500A3F3FA /* Images */,
				D2538BC21483AFC600A961D8 /* FeedItem.h */,
				D2538BC31483AFC600A961D8 /* FeedItem.m */,
				D2538BC41483AFC600A961D8 /* FeedModel.h */,
				D2538BC51483AFC600A961D8 /* FeedModel.m */,
				D2538BC71483AFC600A961D8 /* NewsDataSource.h */,
				D2538BC81483AFC600A961D8 /* NewsDataSource.m */,
				D2538BC91483AFC600A961D8 /* NewsItemView.h */,
				D2538BCA1483AFC600A961D8 /* NewsItemView.m */,
				D2538BCB1483AFC600A961D8 /* NewsView.h */,
				D2538BCC1483AFC600A961D8 /* NewsView.m */,
				D2538BCD1483AFC600A961D8 /* PhotoItem.h */,
				D2538BCE1483AFC600A961D8 /* PhotoItem.m */,
				D2538BCF1483AFC600A961D8 /* PhotoResponse.h */,
				D2538BD01483AFC600A961D8 /* PhotoResponse.m */,
				D2538BD11483AFC600A961D8 /* PhotosDataSource.h */,
				D2538BD21483AFC600A961D8 /* PhotosDataSource.m */,
				D2538BD31483AFC600A961D8 /* PhotosView.h */,
				D2538BD41483AFC600A961D8 /* PhotosView.m */,
				D2538BD51483AFC600A961D8 /* RegexKitLite.h */,
				D2538BD61483AFC600A961D8 /* RegexKitLite.m */,
				D2538BD71483AFC600A961D8 /* TTTableViewDelegate+URLAdditions.h */,
				D2538BD81483AFC600A961D8 /* TTTableViewDelegate+URLAdditions.m */,
				D2538BD91483AFC600A961D8 /* VideoDataSource.h */,
				D2538BDA1483AFC600A961D8 /* VideoDataSource.m */,
				D2538BDB1483AFC600A961D8 /* VideosView.h */,
				D2538BDC1483AFC600A961D8 /* VideosView.m */,
				D2538BDD1483AFC600A961D8 /* WICAppDelegate.h */,
				D2538BDE1483AFC600A961D8 /* WICAppDelegate.m */,
				D2538BDF1483AFC600A961D8 /* YoutubeTableCell.h */,
				D2538BE01483AFC600A961D8 /* YoutubeTableCell.m */,
				D2538BE11483AFC600A961D8 /* YouTubeTextItem.h */,
				D2538BE21483AFC600A961D8 /* YouTubeTextItem.m */,
				D2147D971460947500966BF6 /* walkincoma.xcdatamodeld */,
				D2147D8C1460947500966BF6 /* Supporting Files */,
				D2A75DD71460994A00FDB105 /* WICWebController.h */,
				D2A75DD81460994A00FDB105 /* WICWebController.m */,
				D2A75EF51460A0B800FDB105 /* WICTabBarController.h */,
				D2A75EF61460A0B800FDB105 /* WICTabBarController.m */,
				D2786B4B146188DE0047FFBC /* WICStylesheet.h */,
				D2786B4C146188DE0047FFBC /* WICStylesheet.m */,
			);
			path = walkincoma;
			sourceTree = "<group>";
		};
		D2147D8C1460947500966BF6 /* Supporting Files */ = {
			isa = PBXGroup;
			children = (
				D2538BC61483AFC600A961D8 /* main.m */,
				320B6C86F11D9990244A9730 /* Three20.bundle */,
				D2147D8D1460947500966BF6 /* Walk in Coma-Info.plist */,
				D2147D8E1460947500966BF6 /* InfoPlist.strings */,
				D2147D931460947500966BF6 /* Walk in Coma-Prefix.pch */,
			);
			name = "Supporting Files";
			sourceTree = "<group>";
		};
		D2D377DC1489079500A3F3FA /* Images */ = {
			isa = PBXGroup;
			children = (
				D2D3781814890DA200A3F3FA /* Play-off.png */,
				D2D3781914890DA200A3F3FA /* Play-off@2x.png */,
				D2D3781414890D3D00A3F3FA /* Play.png */,
				D2D3781514890D3D00A3F3FA /* Play@2x.png */,
				D2D377E5148909D200A3F3FA /* News.png */,
				D2D377E6148909D200A3F3FA /* News@2x.png */,
				D2D377E1148908FF00A3F3FA /* Photos.png */,
				D2D377E2148908FF00A3F3FA /* Photos@2x.png */,
				D2D377DD148907A800A3F3FA /* Videos.png */,
				D2D377DE148907A800A3F3FA /* Videos@2x.png */,
			);
			name = Images;
			sourceTree = "<group>";
		};
/* End PBXGroup section */

/* Begin PBXNativeTarget section */
		D2147D7E1460947500966BF6 /* Walk in Coma */ = {
			isa = PBXNativeTarget;
			buildConfigurationList = D2147D9C1460947500966BF6 /* Build configuration list for PBXNativeTarget "Walk in Coma" */;
			buildPhases = (
				D2147D7B1460947500966BF6 /* Sources */,
				D2147D7C1460947500966BF6 /* Frameworks */,
				D2147D7D1460947500966BF6 /* Resources */,
			);
			buildRules = (
			);
			dependencies = (
				3205FA96B41F8AE94E5369E1 /* PBXTargetDependency */,
				3201088596B4756681693701 /* PBXTargetDependency */,
				320D7DCCE32703ACAB9A45E1 /* PBXTargetDependency */,
				320A737074758E53BA54BE91 /* PBXTargetDependency */,
				320A2827FEC940B25BC42C61 /* PBXTargetDependency */,
				320F2C48872C2E2C4DF86201 /* PBXTargetDependency */,
				320A5A189C235877202780D1 /* PBXTargetDependency */,
				320CC833B8AF0ACFD35E6221 /* PBXTargetDependency */,
			);
			name = "Walk in Coma";
			productName = walkincoma;
			productReference = D2147D7F1460947500966BF6 /* Walk in Coma.app */;
			productType = "com.apple.product-type.application";
		};
/* End PBXNativeTarget section */

/* Begin PBXProject section */
		D2147D761460947500966BF6 /* Project object */ = {
			isa = PBXProject;
			attributes = {
				LastUpgradeCheck = 0420;
			};
			buildConfigurationList = D2147D791460947500966BF6 /* Build configuration list for PBXProject "Walk in Coma" */;
			compatibilityVersion = "Xcode 3.2";
			developmentRegion = English;
			hasScannedForEncodings = 0;
			knownRegions = (
				en,
			);
			mainGroup = D2147D741460947500966BF6;
			productRefGroup = D2147D801460947500966BF6 /* Products */;
			projectDirPath = "";
			projectReferences = (
				{
					ProductGroup = 3205FA96B41F8AE94E5369E3 /* Products */;
					ProjectRef = 3205FA96B41F8AE94E5369E0 /* extThree20XML.xcodeproj */;
				},
				{
					ProductGroup = 320D7DCCE32703ACAB9A45E3 /* Products */;
					ProjectRef = 320D7DCCE32703ACAB9A45E0 /* Three20.xcodeproj */;
				},
				{
					ProductGroup = 320A2827FEC940B25BC42C63 /* Products */;
					ProjectRef = 320A2827FEC940B25BC42C60 /* Three20Core.xcodeproj */;
				},
				{
					ProductGroup = 320A5A189C235877202780D3 /* Products */;
					ProjectRef = 320A5A189C235877202780D0 /* Three20Network.xcodeproj */;
				},
				{
					ProductGroup = 320CC833B8AF0ACFD35E6223 /* Products */;
					ProjectRef = 320CC833B8AF0ACFD35E6220 /* Three20Style.xcodeproj */;
				},
				{
					ProductGroup = 320F2C48872C2E2C4DF86203 /* Products */;
					ProjectRef = 320F2C48872C2E2C4DF86200 /* Three20UI.xcodeproj */;
				},
				{
					ProductGroup = 3201088596B4756681693703 /* Products */;
					ProjectRef = 3201088596B4756681693700 /* Three20UICommon.xcodeproj */;
				},
				{
					ProductGroup = 320A737074758E53BA54BE93 /* Products */;
					ProjectRef = 320A737074758E53BA54BE90 /* Three20UINavigator.xcodeproj */;
				},
			);
			projectRoot = "";
			targets = (
				D2147D7E1460947500966BF6 /* Walk in Coma */,
			);
		};
/* End PBXProject section */

/* Begin PBXReferenceProxy section */
		3201088596B4756681693704 /* libThree20UICommon.a */ = {
			isa = PBXReferenceProxy;
			fileType = archive.ar;
			path = libThree20UICommon.a;
			remoteRef = 3201088596B4756681693706 /* PBXContainerItemProxy */;
			sourceTree = BUILT_PRODUCTS_DIR;
		};
		3205FA96B41F8AE94E5369E4 /* libextThree20XML.a */ = {
			isa = PBXReferenceProxy;
			fileType = archive.ar;
			path = libextThree20XML.a;
			remoteRef = 3205FA96B41F8AE94E5369E6 /* PBXContainerItemProxy */;
			sourceTree = BUILT_PRODUCTS_DIR;
		};
		320A2827FEC940B25BC42C64 /* libThree20Core.a */ = {
			isa = PBXReferenceProxy;
			fileType = archive.ar;
			path = libThree20Core.a;
			remoteRef = 320A2827FEC940B25BC42C66 /* PBXContainerItemProxy */;
			sourceTree = BUILT_PRODUCTS_DIR;
		};
		320A5A189C235877202780D4 /* libThree20Network.a */ = {
			isa = PBXReferenceProxy;
			fileType = archive.ar;
			path = libThree20Network.a;
			remoteRef = 320A5A189C235877202780D6 /* PBXContainerItemProxy */;
			sourceTree = BUILT_PRODUCTS_DIR;
		};
		320A737074758E53BA54BE94 /* libThree20UINavigator.a */ = {
			isa = PBXReferenceProxy;
			fileType = archive.ar;
			path = libThree20UINavigator.a;
			remoteRef = 320A737074758E53BA54BE96 /* PBXContainerItemProxy */;
			sourceTree = BUILT_PRODUCTS_DIR;
		};
		320CC833B8AF0ACFD35E6224 /* libThree20Style.a */ = {
			isa = PBXReferenceProxy;
			fileType = archive.ar;
			path = libThree20Style.a;
			remoteRef = 320CC833B8AF0ACFD35E6226 /* PBXContainerItemProxy */;
			sourceTree = BUILT_PRODUCTS_DIR;
		};
		320D7DCCE32703ACAB9A45E4 /* libThree20.a */ = {
			isa = PBXReferenceProxy;
			fileType = archive.ar;
			path = libThree20.a;
			remoteRef = 320D7DCCE32703ACAB9A45E6 /* PBXContainerItemProxy */;
			sourceTree = BUILT_PRODUCTS_DIR;
		};
		320F2C48872C2E2C4DF86204 /* libThree20UI.a */ = {
			isa = PBXReferenceProxy;
			fileType = archive.ar;
			path = libThree20UI.a;
			remoteRef = 320F2C48872C2E2C4DF86206 /* PBXContainerItemProxy */;
			sourceTree = BUILT_PRODUCTS_DIR;
		};
		D2147DDE1460964E00966BF6 /* Three20UnitTests.octest */ = {
			isa = PBXReferenceProxy;
			fileType = wrapper.cfbundle;
			path = Three20UnitTests.octest;
			remoteRef = D2147DDD1460964E00966BF6 /* PBXContainerItemProxy */;
			sourceTree = BUILT_PRODUCTS_DIR;
		};
		D2147DE11460964E00966BF6 /* CoreUnitTests.octest */ = {
			isa = PBXReferenceProxy;
			fileType = wrapper.cfbundle;
			path = CoreUnitTests.octest;
			remoteRef = D2147DE01460964E00966BF6 /* PBXContainerItemProxy */;
			sourceTree = BUILT_PRODUCTS_DIR;
		};
		D2147DE41460964E00966BF6 /* NetworkUnitTests.octest */ = {
			isa = PBXReferenceProxy;
			fileType = wrapper.cfbundle;
			path = NetworkUnitTests.octest;
			remoteRef = D2147DE31460964E00966BF6 /* PBXContainerItemProxy */;
			sourceTree = BUILT_PRODUCTS_DIR;
		};
		D2147DE71460964E00966BF6 /* StyleUnitTests.octest */ = {
			isa = PBXReferenceProxy;
			fileType = wrapper.cfbundle;
			path = StyleUnitTests.octest;
			remoteRef = D2147DE61460964E00966BF6 /* PBXContainerItemProxy */;
			sourceTree = BUILT_PRODUCTS_DIR;
		};
		D2147DEA1460964E00966BF6 /* UIUnitTests.octest */ = {
			isa = PBXReferenceProxy;
			fileType = wrapper.cfbundle;
			path = UIUnitTests.octest;
			remoteRef = D2147DE91460964E00966BF6 /* PBXContainerItemProxy */;
			sourceTree = BUILT_PRODUCTS_DIR;
		};
		D2147DED1460964E00966BF6 /* UICommonUnitTests.octest */ = {
			isa = PBXReferenceProxy;
			fileType = wrapper.cfbundle;
			path = UICommonUnitTests.octest;
			remoteRef = D2147DEC1460964E00966BF6 /* PBXContainerItemProxy */;
			sourceTree = BUILT_PRODUCTS_DIR;
		};
		D2147DF01460964E00966BF6 /* UINavigatorUnitTests.octest */ = {
			isa = PBXReferenceProxy;
			fileType = wrapper.cfbundle;
			path = UINavigatorUnitTests.octest;
			remoteRef = D2147DEF1460964E00966BF6 /* PBXContainerItemProxy */;
			sourceTree = BUILT_PRODUCTS_DIR;
		};
		D2A75E7F14609DDD00FDB105 /* extJSONUnitTests.octest */ = {
			isa = PBXReferenceProxy;
			fileType = wrapper.cfbundle;
			path = extJSONUnitTests.octest;
			remoteRef = D2A75E7E14609DDD00FDB105 /* PBXContainerItemProxy */;
			sourceTree = BUILT_PRODUCTS_DIR;
		};
/* End PBXReferenceProxy section */

/* Begin PBXResourcesBuildPhase section */
		D2147D7D1460947500966BF6 /* Resources */ = {
			isa = PBXResourcesBuildPhase;
			buildActionMask = 2147483647;
			files = (
				320B6C86F11D9990244A9731 /* Three20.bundle in Resources */,
				D2147D901460947500966BF6 /* InfoPlist.strings in Resources */,
				D2D377DF148907A800A3F3FA /* Videos.png in Resources */,
				D2D377E0148907A800A3F3FA /* Videos@2x.png in Resources */,
				D2D377E3148908FF00A3F3FA /* Photos.png in Resources */,
				D2D377E4148908FF00A3F3FA /* Photos@2x.png in Resources */,
				D2D377E7148909D200A3F3FA /* News.png in Resources */,
				D2D377E8148909D200A3F3FA /* News@2x.png in Resources */,
				D2D3781614890D3D00A3F3FA /* Play.png in Resources */,
				D2D3781714890D3D00A3F3FA /* Play@2x.png in Resources */,
				D2D3781A14890DA200A3F3FA /* Play-off.png in Resources */,
				D2D3781B14890DA200A3F3FA /* Play-off@2x.png in Resources */,
			);
			runOnlyForDeploymentPostprocessing = 0;
		};
/* End PBXResourcesBuildPhase section */

/* Begin PBXSourcesBuildPhase section */
		D2147D7B1460947500966BF6 /* Sources */ = {
			isa = PBXSourcesBuildPhase;
			buildActionMask = 2147483647;
			files = (
				D2147D991460947500966BF6 /* walkincoma.xcdatamodeld in Sources */,
				D2A75DD91460994A00FDB105 /* WICWebController.m in Sources */,
				D2A75EF71460A0B800FDB105 /* WICTabBarController.m in Sources */,
				D2786B4D146188DE0047FFBC /* WICStylesheet.m in Sources */,
				D2538BE31483AFC600A961D8 /* FeedItem.m in Sources */,
				D2538BE41483AFC600A961D8 /* FeedModel.m in Sources */,
				D2538BE51483AFC600A961D8 /* main.m in Sources */,
				D2538BE61483AFC600A961D8 /* NewsDataSource.m in Sources */,
				D2538BE71483AFC600A961D8 /* NewsItemView.m in Sources */,
				D2538BE81483AFC600A961D8 /* NewsView.m in Sources */,
				D2538BE91483AFC600A961D8 /* PhotoItem.m in Sources */,
				D2538BEA1483AFC600A961D8 /* PhotoResponse.m in Sources */,
				D2538BEB1483AFC600A961D8 /* PhotosDataSource.m in Sources */,
				D2538BEC1483AFC600A961D8 /* PhotosView.m in Sources */,
				D2538BED1483AFC600A961D8 /* RegexKitLite.m in Sources */,
				D2538BEE1483AFC600A961D8 /* TTTableViewDelegate+URLAdditions.m in Sources */,
				D2538BEF1483AFC600A961D8 /* VideoDataSource.m in Sources */,
				D2538BF01483AFC600A961D8 /* VideosView.m in Sources */,
				D2538BF11483AFC600A961D8 /* WICAppDelegate.m in Sources */,
				D2538BF21483AFC600A961D8 /* YoutubeTableCell.m in Sources */,
				D2538BF31483AFC600A961D8 /* YouTubeTextItem.m in Sources */,
			);
			runOnlyForDeploymentPostprocessing = 0;
		};
/* End PBXSourcesBuildPhase section */

/* Begin PBXTargetDependency section */
		3201088596B4756681693701 /* PBXTargetDependency */ = {
			isa = PBXTargetDependency;
			name = Three20UICommon;
			targetProxy = 3201088596B4756681693702 /* PBXContainerItemProxy */;
		};
		3205FA96B41F8AE94E5369E1 /* PBXTargetDependency */ = {
			isa = PBXTargetDependency;
			name = extThree20XML;
			targetProxy = 3205FA96B41F8AE94E5369E2 /* PBXContainerItemProxy */;
		};
		320A2827FEC940B25BC42C61 /* PBXTargetDependency */ = {
			isa = PBXTargetDependency;
			name = Three20Core;
			targetProxy = 320A2827FEC940B25BC42C62 /* PBXContainerItemProxy */;
		};
		320A5A189C235877202780D1 /* PBXTargetDependency */ = {
			isa = PBXTargetDependency;
			name = Three20Network;
			targetProxy = 320A5A189C235877202780D2 /* PBXContainerItemProxy */;
		};
		320A737074758E53BA54BE91 /* PBXTargetDependency */ = {
			isa = PBXTargetDependency;
			name = Three20UINavigator;
			targetProxy = 320A737074758E53BA54BE92 /* PBXContainerItemProxy */;
		};
		320CC833B8AF0ACFD35E6221 /* PBXTargetDependency */ = {
			isa = PBXTargetDependency;
			name = Three20Style;
			targetProxy = 320CC833B8AF0ACFD35E6222 /* PBXContainerItemProxy */;
		};
		320D7DCCE32703ACAB9A45E1 /* PBXTargetDependency */ = {
			isa = PBXTargetDependency;
			name = Three20;
			targetProxy = 320D7DCCE32703ACAB9A45E2 /* PBXContainerItemProxy */;
		};
		320F2C48872C2E2C4DF86201 /* PBXTargetDependency */ = {
			isa = PBXTargetDependency;
			name = Three20UI;
			targetProxy = 320F2C48872C2E2C4DF86202 /* PBXContainerItemProxy */;
		};
/* End PBXTargetDependency section */

/* Begin PBXVariantGroup section */
		D2147D8E1460947500966BF6 /* InfoPlist.strings */ = {
			isa = PBXVariantGroup;
			children = (
				D2147D8F1460947500966BF6 /* en */,
			);
			name = InfoPlist.strings;
			sourceTree = "<group>";
		};
/* End PBXVariantGroup section */

/* Begin XCBuildConfiguration section */
		D2147D9A1460947500966BF6 /* Debug */ = {
			isa = XCBuildConfiguration;
			buildSettings = {
				ALWAYS_SEARCH_USER_PATHS = NO;
				ARCHS = "$(ARCHS_STANDARD_32_BIT)";
				"CODE_SIGN_IDENTITY[sdk=iphoneos*]" = "iPhone Developer";
				COPY_PHASE_STRIP = NO;
				GCC_C_LANGUAGE_STANDARD = gnu99;
				GCC_DYNAMIC_NO_PIC = NO;
				GCC_OPTIMIZATION_LEVEL = 0;
				GCC_PREPROCESSOR_DEFINITIONS = (
					"DEBUG=1",
					"$(inherited)",
				);
				GCC_SYMBOLS_PRIVATE_EXTERN = NO;
				GCC_VERSION = com.apple.compilers.llvm.clang.1_0;
				GCC_WARN_ABOUT_MISSING_PROTOTYPES = YES;
				GCC_WARN_ABOUT_RETURN_TYPE = YES;
				GCC_WARN_UNUSED_VARIABLE = YES;
				HEADER_SEARCH_PATHS = (
					"$(BUILT_PRODUCTS_DIR)/../three20",
					"$(BUILT_PRODUCTS_DIR)/../../three20",
					libs/three20/Build/Products/three20,
				);
				IPHONEOS_DEPLOYMENT_TARGET = 5.0;
				OTHER_LDFLAGS = "-ObjC";
				SDKROOT = iphoneos;
			};
			name = Debug;
		};
		D2147D9B1460947500966BF6 /* Release */ = {
			isa = XCBuildConfiguration;
			buildSettings = {
				ALWAYS_SEARCH_USER_PATHS = NO;
				ARCHS = "$(ARCHS_STANDARD_32_BIT)";
				"CODE_SIGN_IDENTITY[sdk=iphoneos*]" = "iPhone Developer";
				COPY_PHASE_STRIP = YES;
				GCC_C_LANGUAGE_STANDARD = gnu99;
				GCC_VERSION = com.apple.compilers.llvm.clang.1_0;
				GCC_WARN_ABOUT_MISSING_PROTOTYPES = YES;
				GCC_WARN_ABOUT_RETURN_TYPE = YES;
				GCC_WARN_UNUSED_VARIABLE = YES;
				HEADER_SEARCH_PATHS = (
					"$(BUILT_PRODUCTS_DIR)/../three20",
					"$(BUILT_PRODUCTS_DIR)/../../three20",
					libs/three20/Build/Products/three20,
				);
				IPHONEOS_DEPLOYMENT_TARGET = 5.0;
				OTHER_CFLAGS = "-DNS_BLOCK_ASSERTIONS=1";
				OTHER_LDFLAGS = "-ObjC";
				SDKROOT = iphoneos;
				VALIDATE_PRODUCT = YES;
			};
			name = Release;
		};
		D2147D9D1460947500966BF6 /* Debug */ = {
			isa = XCBuildConfiguration;
			buildSettings = {
				CODE_SIGN_IDENTITY = "iPhone Developer";
				GCC_PRECOMPILE_PREFIX_HEADER = YES;
				GCC_PREFIX_HEADER = "walkincoma/Walk in Coma-Prefix.pch";
				INFOPLIST_FILE = "walkincoma/Walk in Coma-Info.plist";
				IPHONEOS_DEPLOYMENT_TARGET = 4.2;
				OTHER_LDFLAGS = (
					"-licucore",
					"-ObjC",
				);
				PRODUCT_NAME = "Walk in Coma";
				PROVISIONING_PROFILE = "";
				WRAPPER_EXTENSION = app;
			};
			name = Debug;
		};
		D2147D9E1460947500966BF6 /* Release */ = {
			isa = XCBuildConfiguration;
			buildSettings = {
				CODE_SIGN_IDENTITY = "iPhone Developer";
				GCC_PRECOMPILE_PREFIX_HEADER = YES;
				GCC_PREFIX_HEADER = "walkincoma/Walk in Coma-Prefix.pch";
				INFOPLIST_FILE = "walkincoma/Walk in Coma-Info.plist";
				IPHONEOS_DEPLOYMENT_TARGET = 4.2;
				OTHER_LDFLAGS = (
					"-licucore",
					"-ObjC",
				);
				PRODUCT_NAME = "Walk in Coma";
				PROVISIONING_PROFILE = "";
				WRAPPER_EXTENSION = app;
			};
			name = Release;
		};
/* End XCBuildConfiguration section */

/* Begin XCConfigurationList section */
		D2147D791460947500966BF6 /* Build configuration list for PBXProject "Walk in Coma" */ = {
			isa = XCConfigurationList;
			buildConfigurations = (
				D2147D9A1460947500966BF6 /* Debug */,
				D2147D9B1460947500966BF6 /* Release */,
			);
			defaultConfigurationIsVisible = 0;
			defaultConfigurationName = Release;
		};
		D2147D9C1460947500966BF6 /* Build configuration list for PBXNativeTarget "Walk in Coma" */ = {
			isa = XCConfigurationList;
			buildConfigurations = (
				D2147D9D1460947500966BF6 /* Debug */,
				D2147D9E1460947500966BF6 /* Release */,
			);
			defaultConfigurationIsVisible = 0;
			defaultConfigurationName = Release;
		};
/* End XCConfigurationList section */

/* Begin XCVersionGroup section */
		D2147D971460947500966BF6 /* walkincoma.xcdatamodeld */ = {
			isa = XCVersionGroup;
			children = (
				D2147D981460947500966BF6 /* walkincoma.xcdatamodel */,
			);
			currentVersion = D2147D981460947500966BF6 /* walkincoma.xcdatamodel */;
			path = walkincoma.xcdatamodeld;
			sourceTree = "<group>";
			versionGroupType = wrapper.xcdatamodel;
		};
/* End XCVersionGroup section */
	};
	rootObject = D2147D761460947500966BF6 /* Project object */;
}
